// !$*UTF8*$!
{
	archiveVersion = 1;
	classes = {
	};
	objectVersion = 50;
	objects = {

/* Begin PBXBuildFile section */
		25419A512294AB2400E82C27 /* TableViewTests.swift in Sources */ = {isa = PBXBuildFile; fileRef = 25419A502294AB2400E82C27 /* TableViewTests.swift */; };
		25419A532294AFC300E82C27 /* CollectionViewTests.swift in Sources */ = {isa = PBXBuildFile; fileRef = 25419A522294AFC300E82C27 /* CollectionViewTests.swift */; };
		254464292280D6BA0061C014 /* EpoxySectionBuilder.swift in Sources */ = {isa = PBXBuildFile; fileRef = 254464282280D6BA0061C014 /* EpoxySectionBuilder.swift */; };
		2544642D2280DC6B0061C014 /* EpoxyModelBuilderTests.swift in Sources */ = {isa = PBXBuildFile; fileRef = 2544642C2280DC6B0061C014 /* EpoxyModelBuilderTests.swift */; };
		254464302280DFFA0061C014 /* EpoxyTableViewSectionBuilderTests.swift in Sources */ = {isa = PBXBuildFile; fileRef = 2544642F2280DFFA0061C014 /* EpoxyTableViewSectionBuilderTests.swift */; };
		258EB5E52347BB6A005C410E /* EpoxyContext.swift in Sources */ = {isa = PBXBuildFile; fileRef = 258EB5E32347BB6A005C410E /* EpoxyContext.swift */; };
		258EB5E62347BB6A005C410E /* EpoxyViewMetadata.swift in Sources */ = {isa = PBXBuildFile; fileRef = 258EB5E42347BB6A005C410E /* EpoxyViewMetadata.swift */; };
		258EB5E92347BB87005C410E /* Highlightable.swift in Sources */ = {isa = PBXBuildFile; fileRef = 258EB5E72347BB87005C410E /* Highlightable.swift */; };
		258EB5EA2347BB87005C410E /* Selectable.swift in Sources */ = {isa = PBXBuildFile; fileRef = 258EB5E82347BB87005C410E /* Selectable.swift */; };
		25B0A94D228A1D1F00D61BC4 /* EpoxyModelWrapper.swift in Sources */ = {isa = PBXBuildFile; fileRef = 25B0A94C228A1D1F00D61BC4 /* EpoxyModelWrapper.swift */; };
		25B0A94F228A24DF00D61BC4 /* InternalEpoxySection.swift in Sources */ = {isa = PBXBuildFile; fileRef = 25B0A94E228A24DF00D61BC4 /* InternalEpoxySection.swift */; };
		25C6ED6322862AC600186F01 /* TableViewExtensions.swift in Sources */ = {isa = PBXBuildFile; fileRef = 25C6ED6222862AC600186F01 /* TableViewExtensions.swift */; };
		25C6ED652286473C00186F01 /* CollectionViewExtensions.swift in Sources */ = {isa = PBXBuildFile; fileRef = 25C6ED642286473C00186F01 /* CollectionViewExtensions.swift */; };
		4CE67E8B225F190800BF0654 /* TableViewEpoxyModelSwipeActionDelegate.swift in Sources */ = {isa = PBXBuildFile; fileRef = 4CE67E8A225F190800BF0654 /* TableViewEpoxyModelSwipeActionDelegate.swift */; };
		7D678B4622DE43E600C85E64 /* CollectionViewAccessibilityDelegate.swift in Sources */ = {isa = PBXBuildFile; fileRef = 7D678B4522DE43E600C85E64 /* CollectionViewAccessibilityDelegate.swift */; };
		7D80DE1822DCF79D00928570 /* CollectionViewCellAccessibilityDelegate.swift in Sources */ = {isa = PBXBuildFile; fileRef = 7D80DE1722DCF79D00928570 /* CollectionViewCellAccessibilityDelegate.swift */; };
		7D80DE1A22DCFE6C00928570 /* TableViewCellAccessibilityDelegate.swift in Sources */ = {isa = PBXBuildFile; fileRef = 7D80DE1922DCFE6C00928570 /* TableViewCellAccessibilityDelegate.swift */; };
		7D80DE1E22DD07C700928570 /* TableViewAccessibilityDelegate.swift in Sources */ = {isa = PBXBuildFile; fileRef = 7D80DE1D22DD07C700928570 /* TableViewAccessibilityDelegate.swift */; };
		7DCDDC0E23061911006D210E /* VisibleEpoxyMetadata.swift in Sources */ = {isa = PBXBuildFile; fileRef = 7DCDDC0D23061911006D210E /* VisibleEpoxyMetadata.swift */; };
		7DCDDC112306192D006D210E /* VisibleEpoxySectionMetadata.swift in Sources */ = {isa = PBXBuildFile; fileRef = 7DCDDC102306192D006D210E /* VisibleEpoxySectionMetadata.swift */; };
		7DCDDC1323061939006D210E /* VisibleEpoxyModelMetaData.swift in Sources */ = {isa = PBXBuildFile; fileRef = 7DCDDC1223061939006D210E /* VisibleEpoxyModelMetaData.swift */; };
		8179787121EFB8B0003871CD /* StateCachingProtocols.swift in Sources */ = {isa = PBXBuildFile; fileRef = 8179787021EFB8B0003871CD /* StateCachingProtocols.swift */; };
		C7E0671B21711118005CB689 /* Epoxy.framework in Frameworks */ = {isa = PBXBuildFile; fileRef = C7E0671121711118005CB689 /* Epoxy.framework */; };
		C7E0672221711118005CB689 /* Epoxy.h in Headers */ = {isa = PBXBuildFile; fileRef = C7E0671421711118005CB689 /* Epoxy.h */; settings = {ATTRIBUTES = (Public, ); }; };
		C7E067752171117D005CB689 /* InfiniteScrollingState.swift in Sources */ = {isa = PBXBuildFile; fileRef = C7E0672D2171117D005CB689 /* InfiniteScrollingState.swift */; };
		C7E067772171117D005CB689 /* EpoxyDataSource.swift in Sources */ = {isa = PBXBuildFile; fileRef = C7E0672F2171117D005CB689 /* EpoxyDataSource.swift */; };
		C7E067782171117D005CB689 /* UIView+CompressedHeight.swift in Sources */ = {isa = PBXBuildFile; fileRef = C7E067312171117D005CB689 /* UIView+CompressedHeight.swift */; };
		C7E067792171117D005CB689 /* InternalEpoxyDataType.swift in Sources */ = {isa = PBXBuildFile; fileRef = C7E067332171117D005CB689 /* InternalEpoxyDataType.swift */; };
		C7E0677A2171117D005CB689 /* EpoxyableSection.swift in Sources */ = {isa = PBXBuildFile; fileRef = C7E067342171117D005CB689 /* EpoxyableSection.swift */; };
		C7E0677B2171117D005CB689 /* InternalEpoxyInterface.swift in Sources */ = {isa = PBXBuildFile; fileRef = C7E067352171117D005CB689 /* InternalEpoxyInterface.swift */; };
		C7E0677C2171117D005CB689 /* EpoxySection+Find.swift in Sources */ = {isa = PBXBuildFile; fileRef = C7E067372171117D005CB689 /* EpoxySection+Find.swift */; };
		C7E0677D2171117D005CB689 /* TableViewEpoxyDataSource.swift in Sources */ = {isa = PBXBuildFile; fileRef = C7E0673B2171117D005CB689 /* TableViewEpoxyDataSource.swift */; };
		C7E0677E2171117D005CB689 /* TableViewCell.swift in Sources */ = {isa = PBXBuildFile; fileRef = C7E0673C2171117D005CB689 /* TableViewCell.swift */; };
		C7E0677F2171117D005CB689 /* InternalTableViewEpoxyData.swift in Sources */ = {isa = PBXBuildFile; fileRef = C7E0673D2171117D005CB689 /* InternalTableViewEpoxyData.swift */; };
		C7E067802171117D005CB689 /* TableView.swift in Sources */ = {isa = PBXBuildFile; fileRef = C7E0673E2171117D005CB689 /* TableView.swift */; };
		C7E067812171117D005CB689 /* TableViewEpoxyModelDisplayDelegate.swift in Sources */ = {isa = PBXBuildFile; fileRef = C7E0673F2171117D005CB689 /* TableViewEpoxyModelDisplayDelegate.swift */; };
		C7E067822171117D005CB689 /* TableViewEpoxyModelDataSourcePrefetching.swift in Sources */ = {isa = PBXBuildFile; fileRef = C7E067402171117D005CB689 /* TableViewEpoxyModelDataSourcePrefetching.swift */; };
		C7E067832171117D005CB689 /* CellSelectionStyle.swift in Sources */ = {isa = PBXBuildFile; fileRef = C7E067422171117D005CB689 /* CellSelectionStyle.swift */; };
		C7E067842171117D005CB689 /* SupplementaryViewEpoxyModel.swift in Sources */ = {isa = PBXBuildFile; fileRef = C7E067442171117D005CB689 /* SupplementaryViewEpoxyModel.swift */; };
		C7E067852171117D005CB689 /* CollectionView+UICollectionViewFlowLayoutDelegate.swift in Sources */ = {isa = PBXBuildFile; fileRef = C7E067462171117D005CB689 /* CollectionView+UICollectionViewFlowLayoutDelegate.swift */; };
		C7E067862171117D005CB689 /* CollectionView.swift in Sources */ = {isa = PBXBuildFile; fileRef = C7E067472171117D005CB689 /* CollectionView.swift */; };
		C7E067872171117D005CB689 /* SupplementaryViewEpoxyableModel.swift in Sources */ = {isa = PBXBuildFile; fileRef = C7E067482171117D005CB689 /* SupplementaryViewEpoxyableModel.swift */; };
		C7E067882171117D005CB689 /* CollectionViewEpoxyReorderingDelegate.swift in Sources */ = {isa = PBXBuildFile; fileRef = C7E067492171117D005CB689 /* CollectionViewEpoxyReorderingDelegate.swift */; };
		C7E067892171117D005CB689 /* CollectionViewEpoxyDataSource.swift in Sources */ = {isa = PBXBuildFile; fileRef = C7E0674B2171117D005CB689 /* CollectionViewEpoxyDataSource.swift */; };
		C7E0678A2171117D005CB689 /* LayoutAttributesFittingPrioritiesProvider.swift in Sources */ = {isa = PBXBuildFile; fileRef = C7E0674C2171117D005CB689 /* LayoutAttributesFittingPrioritiesProvider.swift */; };
		C7E0678B2171117D005CB689 /* CollectionViewCell.swift in Sources */ = {isa = PBXBuildFile; fileRef = C7E0674D2171117D005CB689 /* CollectionViewCell.swift */; };
		C7E0678C2171117D005CB689 /* CollectionViewReusableView.swift in Sources */ = {isa = PBXBuildFile; fileRef = C7E0674E2171117D005CB689 /* CollectionViewReusableView.swift */; };
		C7E0678E2171117D005CB689 /* InternalCollectionViewEpoxyData.swift in Sources */ = {isa = PBXBuildFile; fileRef = C7E067502171117D005CB689 /* InternalCollectionViewEpoxyData.swift */; };
		C7E0678F2171117D005CB689 /* CollectionViewEpoxyItemDataSourcePrefetching.swift in Sources */ = {isa = PBXBuildFile; fileRef = C7E067512171117D005CB689 /* CollectionViewEpoxyItemDataSourcePrefetching.swift */; };
		C7E067902171117D005CB689 /* CollectionViewTransitionLayoutDelegate.swift in Sources */ = {isa = PBXBuildFile; fileRef = C7E067522171117D005CB689 /* CollectionViewTransitionLayoutDelegate.swift */; };
		C7E067912171117D005CB689 /* CollectionViewEpoxyItemDisplayDelegate.swift in Sources */ = {isa = PBXBuildFile; fileRef = C7E067532171117D005CB689 /* CollectionViewEpoxyItemDisplayDelegate.swift */; };
		C7E067922171117D005CB689 /* EpoxyModelCache.swift in Sources */ = {isa = PBXBuildFile; fileRef = C7E067562171117D005CB689 /* EpoxyModelCache.swift */; };
		C7E067932171117D005CB689 /* EpoxySectionController.swift in Sources */ = {isa = PBXBuildFile; fileRef = C7E067582171117D005CB689 /* EpoxySectionController.swift */; };
		C7E067942171117D005CB689 /* EpoxyMultiSectionController.swift in Sources */ = {isa = PBXBuildFile; fileRef = C7E067592171117D005CB689 /* EpoxyMultiSectionController.swift */; };
		C7E067952171117D005CB689 /* EpoxyControlling.swift in Sources */ = {isa = PBXBuildFile; fileRef = C7E0675B2171117D005CB689 /* EpoxyControlling.swift */; };
		C7E067962171117D005CB689 /* EpoxySectionControlling.swift in Sources */ = {isa = PBXBuildFile; fileRef = C7E0675C2171117D005CB689 /* EpoxySectionControlling.swift */; };
		C7E067972171117D005CB689 /* EpoxyControllerDelegate.swift in Sources */ = {isa = PBXBuildFile; fileRef = C7E0675D2171117D005CB689 /* EpoxyControllerDelegate.swift */; };
		C7E067982171117D005CB689 /* EpoxyCellState.swift in Sources */ = {isa = PBXBuildFile; fileRef = C7E0675F2171117D005CB689 /* EpoxyCellState.swift */; };
		C7E067992171117D005CB689 /* EpoxyModel.swift in Sources */ = {isa = PBXBuildFile; fileRef = C7E067602171117D005CB689 /* EpoxyModel.swift */; };
		C7E0679A2171117D005CB689 /* BaseEpoxyModelBuilder.swift in Sources */ = {isa = PBXBuildFile; fileRef = C7E067612171117D005CB689 /* BaseEpoxyModelBuilder.swift */; };
		C7E0679B2171117D005CB689 /* EpoxySection.swift in Sources */ = {isa = PBXBuildFile; fileRef = C7E067622171117D005CB689 /* EpoxySection.swift */; };
		C7E0679C2171117D005CB689 /* EpoxyCollectionViewController.swift in Sources */ = {isa = PBXBuildFile; fileRef = C7E067642171117D005CB689 /* EpoxyCollectionViewController.swift */; };
		C7E0679D2171117D005CB689 /* EpoxyTableViewController.swift in Sources */ = {isa = PBXBuildFile; fileRef = C7E067652171117D005CB689 /* EpoxyTableViewController.swift */; };
		C7E0679E2171117D005CB689 /* Collection+Diff.swift in Sources */ = {isa = PBXBuildFile; fileRef = C7E067672171117D005CB689 /* Collection+Diff.swift */; };
		C7E0679F2171117D005CB689 /* EpoxyChangeset.swift in Sources */ = {isa = PBXBuildFile; fileRef = C7E067682171117D005CB689 /* EpoxyChangeset.swift */; };
		C7E067A02171117D005CB689 /* Diffable.swift in Sources */ = {isa = PBXBuildFile; fileRef = C7E067692171117D005CB689 /* Diffable.swift */; };
		C7E067A12171117D005CB689 /* EpoxyDivider.swift in Sources */ = {isa = PBXBuildFile; fileRef = C7E0676B2171117D005CB689 /* EpoxyDivider.swift */; };
		C7E067A22171117D005CB689 /* EpoxyStringRepresentable.swift in Sources */ = {isa = PBXBuildFile; fileRef = C7E0676D2171117D005CB689 /* EpoxyStringRepresentable.swift */; };
		C7E067A32171117D005CB689 /* EpoxyAccessibilityCustomizable.swift in Sources */ = {isa = PBXBuildFile; fileRef = C7E0676E2171117D005CB689 /* EpoxyAccessibilityCustomizable.swift */; };
		C7E067A42171117D005CB689 /* EpoxyableModel.swift in Sources */ = {isa = PBXBuildFile; fileRef = C7E0676F2171117D005CB689 /* EpoxyableModel.swift */; };
		C7E067A52171117D005CB689 /* EpoxyCell.swift in Sources */ = {isa = PBXBuildFile; fileRef = C7E067702171117D005CB689 /* EpoxyCell.swift */; };
		C7E067A62171117D005CB689 /* TypedEpoxyableModel.swift in Sources */ = {isa = PBXBuildFile; fileRef = C7E067712171117D005CB689 /* TypedEpoxyableModel.swift */; };
		C7E067A72171117D005CB689 /* InfiniteScrollingDelegate.swift in Sources */ = {isa = PBXBuildFile; fileRef = C7E067722171117D005CB689 /* InfiniteScrollingDelegate.swift */; };
		C7E067A82171117D005CB689 /* Animatable.swift in Sources */ = {isa = PBXBuildFile; fileRef = C7E067732171117D005CB689 /* Animatable.swift */; };
		C7E067A92171117D005CB689 /* EpoxyInterface.swift in Sources */ = {isa = PBXBuildFile; fileRef = C7E067742171117D005CB689 /* EpoxyInterface.swift */; };
/* End PBXBuildFile section */

/* Begin PBXContainerItemProxy section */
		C7E0671C21711118005CB689 /* PBXContainerItemProxy */ = {
			isa = PBXContainerItemProxy;
			containerPortal = C7E0670821711118005CB689 /* Project object */;
			proxyType = 1;
			remoteGlobalIDString = C7E0671021711118005CB689;
			remoteInfo = Epoxy;
		};
/* End PBXContainerItemProxy section */

/* Begin PBXFileReference section */
		25419A502294AB2400E82C27 /* TableViewTests.swift */ = {isa = PBXFileReference; lastKnownFileType = sourcecode.swift; path = TableViewTests.swift; sourceTree = "<group>"; };
		25419A522294AFC300E82C27 /* CollectionViewTests.swift */ = {isa = PBXFileReference; lastKnownFileType = sourcecode.swift; path = CollectionViewTests.swift; sourceTree = "<group>"; };
		254464282280D6BA0061C014 /* EpoxySectionBuilder.swift */ = {isa = PBXFileReference; lastKnownFileType = sourcecode.swift; path = EpoxySectionBuilder.swift; sourceTree = "<group>"; };
		2544642C2280DC6B0061C014 /* EpoxyModelBuilderTests.swift */ = {isa = PBXFileReference; lastKnownFileType = sourcecode.swift; path = EpoxyModelBuilderTests.swift; sourceTree = "<group>"; };
		2544642F2280DFFA0061C014 /* EpoxyTableViewSectionBuilderTests.swift */ = {isa = PBXFileReference; lastKnownFileType = sourcecode.swift; path = EpoxyTableViewSectionBuilderTests.swift; sourceTree = "<group>"; };
		258EB5E32347BB6A005C410E /* EpoxyContext.swift */ = {isa = PBXFileReference; fileEncoding = 4; lastKnownFileType = sourcecode.swift; path = EpoxyContext.swift; sourceTree = "<group>"; };
		258EB5E42347BB6A005C410E /* EpoxyViewMetadata.swift */ = {isa = PBXFileReference; fileEncoding = 4; lastKnownFileType = sourcecode.swift; path = EpoxyViewMetadata.swift; sourceTree = "<group>"; };
		258EB5E72347BB87005C410E /* Highlightable.swift */ = {isa = PBXFileReference; fileEncoding = 4; lastKnownFileType = sourcecode.swift; path = Highlightable.swift; sourceTree = "<group>"; };
		258EB5E82347BB87005C410E /* Selectable.swift */ = {isa = PBXFileReference; fileEncoding = 4; lastKnownFileType = sourcecode.swift; path = Selectable.swift; sourceTree = "<group>"; };
		25B0A94C228A1D1F00D61BC4 /* EpoxyModelWrapper.swift */ = {isa = PBXFileReference; lastKnownFileType = sourcecode.swift; path = EpoxyModelWrapper.swift; sourceTree = "<group>"; };
		25B0A94E228A24DF00D61BC4 /* InternalEpoxySection.swift */ = {isa = PBXFileReference; lastKnownFileType = sourcecode.swift; path = InternalEpoxySection.swift; sourceTree = "<group>"; };
		25C6ED6222862AC600186F01 /* TableViewExtensions.swift */ = {isa = PBXFileReference; lastKnownFileType = sourcecode.swift; path = TableViewExtensions.swift; sourceTree = "<group>"; };
		25C6ED642286473C00186F01 /* CollectionViewExtensions.swift */ = {isa = PBXFileReference; lastKnownFileType = sourcecode.swift; path = CollectionViewExtensions.swift; sourceTree = "<group>"; };
		4CE67E8A225F190800BF0654 /* TableViewEpoxyModelSwipeActionDelegate.swift */ = {isa = PBXFileReference; lastKnownFileType = sourcecode.swift; path = TableViewEpoxyModelSwipeActionDelegate.swift; sourceTree = "<group>"; };
		7D678B4522DE43E600C85E64 /* CollectionViewAccessibilityDelegate.swift */ = {isa = PBXFileReference; lastKnownFileType = sourcecode.swift; path = CollectionViewAccessibilityDelegate.swift; sourceTree = "<group>"; };
		7D80DE1722DCF79D00928570 /* CollectionViewCellAccessibilityDelegate.swift */ = {isa = PBXFileReference; lastKnownFileType = sourcecode.swift; path = CollectionViewCellAccessibilityDelegate.swift; sourceTree = "<group>"; };
		7D80DE1922DCFE6C00928570 /* TableViewCellAccessibilityDelegate.swift */ = {isa = PBXFileReference; lastKnownFileType = sourcecode.swift; path = TableViewCellAccessibilityDelegate.swift; sourceTree = "<group>"; };
		7D80DE1D22DD07C700928570 /* TableViewAccessibilityDelegate.swift */ = {isa = PBXFileReference; lastKnownFileType = sourcecode.swift; path = TableViewAccessibilityDelegate.swift; sourceTree = "<group>"; };
		7DCDDC0D23061911006D210E /* VisibleEpoxyMetadata.swift */ = {isa = PBXFileReference; lastKnownFileType = sourcecode.swift; path = VisibleEpoxyMetadata.swift; sourceTree = "<group>"; };
		7DCDDC102306192D006D210E /* VisibleEpoxySectionMetadata.swift */ = {isa = PBXFileReference; lastKnownFileType = sourcecode.swift; path = VisibleEpoxySectionMetadata.swift; sourceTree = "<group>"; };
		7DCDDC1223061939006D210E /* VisibleEpoxyModelMetaData.swift */ = {isa = PBXFileReference; lastKnownFileType = sourcecode.swift; path = VisibleEpoxyModelMetaData.swift; sourceTree = "<group>"; };
		8179787021EFB8B0003871CD /* StateCachingProtocols.swift */ = {isa = PBXFileReference; lastKnownFileType = sourcecode.swift; path = StateCachingProtocols.swift; sourceTree = "<group>"; };
		C7E0671121711118005CB689 /* Epoxy.framework */ = {isa = PBXFileReference; explicitFileType = wrapper.framework; includeInIndex = 0; path = Epoxy.framework; sourceTree = BUILT_PRODUCTS_DIR; };
		C7E0671421711118005CB689 /* Epoxy.h */ = {isa = PBXFileReference; lastKnownFileType = sourcecode.c.h; path = Epoxy.h; sourceTree = "<group>"; };
		C7E0671521711118005CB689 /* Info.plist */ = {isa = PBXFileReference; lastKnownFileType = text.plist.xml; path = Info.plist; sourceTree = "<group>"; };
		C7E0671A21711118005CB689 /* EpoxyTests.xctest */ = {isa = PBXFileReference; explicitFileType = wrapper.cfbundle; includeInIndex = 0; path = EpoxyTests.xctest; sourceTree = BUILT_PRODUCTS_DIR; };
		C7E0672121711118005CB689 /* Info.plist */ = {isa = PBXFileReference; lastKnownFileType = text.plist.xml; path = Info.plist; sourceTree = "<group>"; };
		C7E0672D2171117D005CB689 /* InfiniteScrollingState.swift */ = {isa = PBXFileReference; fileEncoding = 4; lastKnownFileType = sourcecode.swift; path = InfiniteScrollingState.swift; sourceTree = "<group>"; };
		C7E0672F2171117D005CB689 /* EpoxyDataSource.swift */ = {isa = PBXFileReference; fileEncoding = 4; lastKnownFileType = sourcecode.swift; path = EpoxyDataSource.swift; sourceTree = "<group>"; };
		C7E067312171117D005CB689 /* UIView+CompressedHeight.swift */ = {isa = PBXFileReference; fileEncoding = 4; lastKnownFileType = sourcecode.swift; path = "UIView+CompressedHeight.swift"; sourceTree = "<group>"; };
		C7E067332171117D005CB689 /* InternalEpoxyDataType.swift */ = {isa = PBXFileReference; fileEncoding = 4; lastKnownFileType = sourcecode.swift; path = InternalEpoxyDataType.swift; sourceTree = "<group>"; };
		C7E067342171117D005CB689 /* EpoxyableSection.swift */ = {isa = PBXFileReference; fileEncoding = 4; lastKnownFileType = sourcecode.swift; path = EpoxyableSection.swift; sourceTree = "<group>"; };
		C7E067352171117D005CB689 /* InternalEpoxyInterface.swift */ = {isa = PBXFileReference; fileEncoding = 4; lastKnownFileType = sourcecode.swift; path = InternalEpoxyInterface.swift; sourceTree = "<group>"; };
		C7E067372171117D005CB689 /* EpoxySection+Find.swift */ = {isa = PBXFileReference; fileEncoding = 4; lastKnownFileType = sourcecode.swift; path = "EpoxySection+Find.swift"; sourceTree = "<group>"; };
		C7E0673B2171117D005CB689 /* TableViewEpoxyDataSource.swift */ = {isa = PBXFileReference; fileEncoding = 4; lastKnownFileType = sourcecode.swift; path = TableViewEpoxyDataSource.swift; sourceTree = "<group>"; };
		C7E0673C2171117D005CB689 /* TableViewCell.swift */ = {isa = PBXFileReference; fileEncoding = 4; lastKnownFileType = sourcecode.swift; path = TableViewCell.swift; sourceTree = "<group>"; };
		C7E0673D2171117D005CB689 /* InternalTableViewEpoxyData.swift */ = {isa = PBXFileReference; fileEncoding = 4; lastKnownFileType = sourcecode.swift; path = InternalTableViewEpoxyData.swift; sourceTree = "<group>"; };
		C7E0673E2171117D005CB689 /* TableView.swift */ = {isa = PBXFileReference; fileEncoding = 4; lastKnownFileType = sourcecode.swift; path = TableView.swift; sourceTree = "<group>"; };
		C7E0673F2171117D005CB689 /* TableViewEpoxyModelDisplayDelegate.swift */ = {isa = PBXFileReference; fileEncoding = 4; lastKnownFileType = sourcecode.swift; path = TableViewEpoxyModelDisplayDelegate.swift; sourceTree = "<group>"; };
		C7E067402171117D005CB689 /* TableViewEpoxyModelDataSourcePrefetching.swift */ = {isa = PBXFileReference; fileEncoding = 4; lastKnownFileType = sourcecode.swift; path = TableViewEpoxyModelDataSourcePrefetching.swift; sourceTree = "<group>"; };
		C7E067422171117D005CB689 /* CellSelectionStyle.swift */ = {isa = PBXFileReference; fileEncoding = 4; lastKnownFileType = sourcecode.swift; path = CellSelectionStyle.swift; sourceTree = "<group>"; };
		C7E067442171117D005CB689 /* SupplementaryViewEpoxyModel.swift */ = {isa = PBXFileReference; fileEncoding = 4; lastKnownFileType = sourcecode.swift; path = SupplementaryViewEpoxyModel.swift; sourceTree = "<group>"; };
		C7E067462171117D005CB689 /* CollectionView+UICollectionViewFlowLayoutDelegate.swift */ = {isa = PBXFileReference; fileEncoding = 4; lastKnownFileType = sourcecode.swift; path = "CollectionView+UICollectionViewFlowLayoutDelegate.swift"; sourceTree = "<group>"; };
		C7E067472171117D005CB689 /* CollectionView.swift */ = {isa = PBXFileReference; fileEncoding = 4; lastKnownFileType = sourcecode.swift; path = CollectionView.swift; sourceTree = "<group>"; };
		C7E067482171117D005CB689 /* SupplementaryViewEpoxyableModel.swift */ = {isa = PBXFileReference; fileEncoding = 4; lastKnownFileType = sourcecode.swift; path = SupplementaryViewEpoxyableModel.swift; sourceTree = "<group>"; };
		C7E067492171117D005CB689 /* CollectionViewEpoxyReorderingDelegate.swift */ = {isa = PBXFileReference; fileEncoding = 4; lastKnownFileType = sourcecode.swift; path = CollectionViewEpoxyReorderingDelegate.swift; sourceTree = "<group>"; };
		C7E0674B2171117D005CB689 /* CollectionViewEpoxyDataSource.swift */ = {isa = PBXFileReference; fileEncoding = 4; lastKnownFileType = sourcecode.swift; path = CollectionViewEpoxyDataSource.swift; sourceTree = "<group>"; };
		C7E0674C2171117D005CB689 /* LayoutAttributesFittingPrioritiesProvider.swift */ = {isa = PBXFileReference; fileEncoding = 4; lastKnownFileType = sourcecode.swift; path = LayoutAttributesFittingPrioritiesProvider.swift; sourceTree = "<group>"; };
		C7E0674D2171117D005CB689 /* CollectionViewCell.swift */ = {isa = PBXFileReference; fileEncoding = 4; lastKnownFileType = sourcecode.swift; path = CollectionViewCell.swift; sourceTree = "<group>"; };
		C7E0674E2171117D005CB689 /* CollectionViewReusableView.swift */ = {isa = PBXFileReference; fileEncoding = 4; lastKnownFileType = sourcecode.swift; path = CollectionViewReusableView.swift; sourceTree = "<group>"; };
		C7E067502171117D005CB689 /* InternalCollectionViewEpoxyData.swift */ = {isa = PBXFileReference; fileEncoding = 4; lastKnownFileType = sourcecode.swift; path = InternalCollectionViewEpoxyData.swift; sourceTree = "<group>"; };
		C7E067512171117D005CB689 /* CollectionViewEpoxyItemDataSourcePrefetching.swift */ = {isa = PBXFileReference; fileEncoding = 4; lastKnownFileType = sourcecode.swift; path = CollectionViewEpoxyItemDataSourcePrefetching.swift; sourceTree = "<group>"; };
		C7E067522171117D005CB689 /* CollectionViewTransitionLayoutDelegate.swift */ = {isa = PBXFileReference; fileEncoding = 4; lastKnownFileType = sourcecode.swift; path = CollectionViewTransitionLayoutDelegate.swift; sourceTree = "<group>"; };
		C7E067532171117D005CB689 /* CollectionViewEpoxyItemDisplayDelegate.swift */ = {isa = PBXFileReference; fileEncoding = 4; lastKnownFileType = sourcecode.swift; path = CollectionViewEpoxyItemDisplayDelegate.swift; sourceTree = "<group>"; };
		C7E067562171117D005CB689 /* EpoxyModelCache.swift */ = {isa = PBXFileReference; fileEncoding = 4; lastKnownFileType = sourcecode.swift; path = EpoxyModelCache.swift; sourceTree = "<group>"; };
		C7E067582171117D005CB689 /* EpoxySectionController.swift */ = {isa = PBXFileReference; fileEncoding = 4; lastKnownFileType = sourcecode.swift; path = EpoxySectionController.swift; sourceTree = "<group>"; };
		C7E067592171117D005CB689 /* EpoxyMultiSectionController.swift */ = {isa = PBXFileReference; fileEncoding = 4; lastKnownFileType = sourcecode.swift; path = EpoxyMultiSectionController.swift; sourceTree = "<group>"; };
		C7E0675B2171117D005CB689 /* EpoxyControlling.swift */ = {isa = PBXFileReference; fileEncoding = 4; lastKnownFileType = sourcecode.swift; path = EpoxyControlling.swift; sourceTree = "<group>"; };
		C7E0675C2171117D005CB689 /* EpoxySectionControlling.swift */ = {isa = PBXFileReference; fileEncoding = 4; lastKnownFileType = sourcecode.swift; path = EpoxySectionControlling.swift; sourceTree = "<group>"; };
		C7E0675D2171117D005CB689 /* EpoxyControllerDelegate.swift */ = {isa = PBXFileReference; fileEncoding = 4; lastKnownFileType = sourcecode.swift; path = EpoxyControllerDelegate.swift; sourceTree = "<group>"; };
		C7E0675F2171117D005CB689 /* EpoxyCellState.swift */ = {isa = PBXFileReference; fileEncoding = 4; lastKnownFileType = sourcecode.swift; path = EpoxyCellState.swift; sourceTree = "<group>"; };
		C7E067602171117D005CB689 /* EpoxyModel.swift */ = {isa = PBXFileReference; fileEncoding = 4; lastKnownFileType = sourcecode.swift; path = EpoxyModel.swift; sourceTree = "<group>"; };
		C7E067612171117D005CB689 /* BaseEpoxyModelBuilder.swift */ = {isa = PBXFileReference; fileEncoding = 4; lastKnownFileType = sourcecode.swift; path = BaseEpoxyModelBuilder.swift; sourceTree = "<group>"; };
		C7E067622171117D005CB689 /* EpoxySection.swift */ = {isa = PBXFileReference; fileEncoding = 4; lastKnownFileType = sourcecode.swift; path = EpoxySection.swift; sourceTree = "<group>"; };
		C7E067642171117D005CB689 /* EpoxyCollectionViewController.swift */ = {isa = PBXFileReference; fileEncoding = 4; lastKnownFileType = sourcecode.swift; path = EpoxyCollectionViewController.swift; sourceTree = "<group>"; };
		C7E067652171117D005CB689 /* EpoxyTableViewController.swift */ = {isa = PBXFileReference; fileEncoding = 4; lastKnownFileType = sourcecode.swift; path = EpoxyTableViewController.swift; sourceTree = "<group>"; };
		C7E067672171117D005CB689 /* Collection+Diff.swift */ = {isa = PBXFileReference; fileEncoding = 4; lastKnownFileType = sourcecode.swift; path = "Collection+Diff.swift"; sourceTree = "<group>"; };
		C7E067682171117D005CB689 /* EpoxyChangeset.swift */ = {isa = PBXFileReference; fileEncoding = 4; lastKnownFileType = sourcecode.swift; path = EpoxyChangeset.swift; sourceTree = "<group>"; };
		C7E067692171117D005CB689 /* Diffable.swift */ = {isa = PBXFileReference; fileEncoding = 4; lastKnownFileType = sourcecode.swift; path = Diffable.swift; sourceTree = "<group>"; };
		C7E0676B2171117D005CB689 /* EpoxyDivider.swift */ = {isa = PBXFileReference; fileEncoding = 4; lastKnownFileType = sourcecode.swift; path = EpoxyDivider.swift; sourceTree = "<group>"; };
		C7E0676D2171117D005CB689 /* EpoxyStringRepresentable.swift */ = {isa = PBXFileReference; fileEncoding = 4; lastKnownFileType = sourcecode.swift; path = EpoxyStringRepresentable.swift; sourceTree = "<group>"; };
		C7E0676E2171117D005CB689 /* EpoxyAccessibilityCustomizable.swift */ = {isa = PBXFileReference; fileEncoding = 4; lastKnownFileType = sourcecode.swift; path = EpoxyAccessibilityCustomizable.swift; sourceTree = "<group>"; };
		C7E0676F2171117D005CB689 /* EpoxyableModel.swift */ = {isa = PBXFileReference; fileEncoding = 4; lastKnownFileType = sourcecode.swift; path = EpoxyableModel.swift; sourceTree = "<group>"; };
		C7E067702171117D005CB689 /* EpoxyCell.swift */ = {isa = PBXFileReference; fileEncoding = 4; lastKnownFileType = sourcecode.swift; path = EpoxyCell.swift; sourceTree = "<group>"; };
		C7E067712171117D005CB689 /* TypedEpoxyableModel.swift */ = {isa = PBXFileReference; fileEncoding = 4; lastKnownFileType = sourcecode.swift; path = TypedEpoxyableModel.swift; sourceTree = "<group>"; };
		C7E067722171117D005CB689 /* InfiniteScrollingDelegate.swift */ = {isa = PBXFileReference; fileEncoding = 4; lastKnownFileType = sourcecode.swift; path = InfiniteScrollingDelegate.swift; sourceTree = "<group>"; };
		C7E067732171117D005CB689 /* Animatable.swift */ = {isa = PBXFileReference; fileEncoding = 4; lastKnownFileType = sourcecode.swift; path = Animatable.swift; sourceTree = "<group>"; };
		C7E067742171117D005CB689 /* EpoxyInterface.swift */ = {isa = PBXFileReference; fileEncoding = 4; lastKnownFileType = sourcecode.swift; path = EpoxyInterface.swift; sourceTree = "<group>"; };
/* End PBXFileReference section */

/* Begin PBXFrameworksBuildPhase section */
		C7E0670E21711118005CB689 /* Frameworks */ = {
			isa = PBXFrameworksBuildPhase;
			buildActionMask = 2147483647;
			files = (
			);
			runOnlyForDeploymentPostprocessing = 0;
		};
		C7E0671721711118005CB689 /* Frameworks */ = {
			isa = PBXFrameworksBuildPhase;
			buildActionMask = 2147483647;
			files = (
				C7E0671B21711118005CB689 /* Epoxy.framework in Frameworks */,
			);
			runOnlyForDeploymentPostprocessing = 0;
		};
/* End PBXFrameworksBuildPhase section */

/* Begin PBXGroup section */
		254464272280D68F0061C014 /* Builders */ = {
			isa = PBXGroup;
			children = (
				C7E067612171117D005CB689 /* BaseEpoxyModelBuilder.swift */,
				254464282280D6BA0061C014 /* EpoxySectionBuilder.swift */,
			);
			path = Builders;
			sourceTree = "<group>";
		};
		2544642E2280DC9C0061C014 /* BuilderTests */ = {
			isa = PBXGroup;
			children = (
				2544642C2280DC6B0061C014 /* EpoxyModelBuilderTests.swift */,
				2544642F2280DFFA0061C014 /* EpoxyTableViewSectionBuilderTests.swift */,
			);
			path = BuilderTests;
			sourceTree = "<group>";
		};
		7DCDDC0F2306191B006D210E /* Visibility */ = {
			isa = PBXGroup;
			children = (
				7DCDDC0D23061911006D210E /* VisibleEpoxyMetadata.swift */,
				7DCDDC102306192D006D210E /* VisibleEpoxySectionMetadata.swift */,
				7DCDDC1223061939006D210E /* VisibleEpoxyModelMetaData.swift */,
			);
			path = Visibility;
			sourceTree = "<group>";
		};
		C7E0670721711118005CB689 = {
			isa = PBXGroup;
			children = (
				C7E0671321711118005CB689 /* Epoxy */,
				C7E0671E21711118005CB689 /* EpoxyTests */,
				C7E0671221711118005CB689 /* Products */,
			);
			sourceTree = "<group>";
		};
		C7E0671221711118005CB689 /* Products */ = {
			isa = PBXGroup;
			children = (
				C7E0671121711118005CB689 /* Epoxy.framework */,
				C7E0671A21711118005CB689 /* EpoxyTests.xctest */,
			);
			name = Products;
			sourceTree = "<group>";
		};
		C7E0671321711118005CB689 /* Epoxy */ = {
			isa = PBXGroup;
			children = (
				C7E0671421711118005CB689 /* Epoxy.h */,
				C7E0671521711118005CB689 /* Info.plist */,
				C7E067662171117D005CB689 /* Diffing */,
				C7E0676A2171117D005CB689 /* Elements */,
				C7E067382171117D005CB689 /* EpoxyViews */,
				C7E067362171117D005CB689 /* Extensions */,
				C7E0672B2171117D005CB689 /* Internal */,
				C7E0676C2171117D005CB689 /* Protocols */,
				C7E067542171117D005CB689 /* SectionController */,
				C7E0675E2171117D005CB689 /* Types */,
				C7E067632171117D005CB689 /* ViewControllers */,
			);
			path = Epoxy;
			sourceTree = "<group>";
		};
		C7E0671E21711118005CB689 /* EpoxyTests */ = {
			isa = PBXGroup;
			children = (
				2544642E2280DC9C0061C014 /* BuilderTests */,
				C7E0672121711118005CB689 /* Info.plist */,
				25419A502294AB2400E82C27 /* TableViewTests.swift */,
				25419A522294AFC300E82C27 /* CollectionViewTests.swift */,
			);
			path = EpoxyTests;
			sourceTree = "<group>";
		};
		C7E0672B2171117D005CB689 /* Internal */ = {
			isa = PBXGroup;
			children = (
				C7E067302171117D005CB689 /* Extensions */,
				C7E067322171117D005CB689 /* Protocols */,
				C7E0672C2171117D005CB689 /* Types */,
			);
			path = Internal;
			sourceTree = "<group>";
		};
		C7E0672C2171117D005CB689 /* Types */ = {
			isa = PBXGroup;
			children = (
				C7E0672F2171117D005CB689 /* EpoxyDataSource.swift */,
				25B0A94C228A1D1F00D61BC4 /* EpoxyModelWrapper.swift */,
				C7E0672D2171117D005CB689 /* InfiniteScrollingState.swift */,
				25B0A94E228A24DF00D61BC4 /* InternalEpoxySection.swift */,
			);
			path = Types;
			sourceTree = "<group>";
		};
		C7E067302171117D005CB689 /* Extensions */ = {
			isa = PBXGroup;
			children = (
				C7E067312171117D005CB689 /* UIView+CompressedHeight.swift */,
			);
			path = Extensions;
			sourceTree = "<group>";
		};
		C7E067322171117D005CB689 /* Protocols */ = {
			isa = PBXGroup;
			children = (
				C7E067332171117D005CB689 /* InternalEpoxyDataType.swift */,
				C7E067342171117D005CB689 /* EpoxyableSection.swift */,
				C7E067352171117D005CB689 /* InternalEpoxyInterface.swift */,
			);
			path = Protocols;
			sourceTree = "<group>";
		};
		C7E067362171117D005CB689 /* Extensions */ = {
			isa = PBXGroup;
			children = (
				25C6ED642286473C00186F01 /* CollectionViewExtensions.swift */,
				C7E067372171117D005CB689 /* EpoxySection+Find.swift */,
				25C6ED6222862AC600186F01 /* TableViewExtensions.swift */,
			);
			path = Extensions;
			sourceTree = "<group>";
		};
		C7E067382171117D005CB689 /* EpoxyViews */ = {
			isa = PBXGroup;
			children = (
				C7E067432171117D005CB689 /* CollectionView */,
				C7E067392171117D005CB689 /* TableView */,
				C7E067412171117D005CB689 /* Types */,
			);
			path = EpoxyViews;
			sourceTree = "<group>";
		};
		C7E067392171117D005CB689 /* TableView */ = {
			isa = PBXGroup;
			children = (
				C7E0673A2171117D005CB689 /* Internal */,
				C7E0673E2171117D005CB689 /* TableView.swift */,
				7D80DE1D22DD07C700928570 /* TableViewAccessibilityDelegate.swift */,
				C7E0673F2171117D005CB689 /* TableViewEpoxyModelDisplayDelegate.swift */,
				C7E067402171117D005CB689 /* TableViewEpoxyModelDataSourcePrefetching.swift */,
				4CE67E8A225F190800BF0654 /* TableViewEpoxyModelSwipeActionDelegate.swift */,
			);
			path = TableView;
			sourceTree = "<group>";
		};
		C7E0673A2171117D005CB689 /* Internal */ = {
			isa = PBXGroup;
			children = (
				C7E0673D2171117D005CB689 /* InternalTableViewEpoxyData.swift */,
				C7E0673C2171117D005CB689 /* TableViewCell.swift */,
				C7E0673B2171117D005CB689 /* TableViewEpoxyDataSource.swift */,
				7D80DE1922DCFE6C00928570 /* TableViewCellAccessibilityDelegate.swift */,
			);
			path = Internal;
			sourceTree = "<group>";
		};
		C7E067412171117D005CB689 /* Types */ = {
			isa = PBXGroup;
			children = (
				C7E067422171117D005CB689 /* CellSelectionStyle.swift */,
			);
			path = Types;
			sourceTree = "<group>";
		};
		C7E067432171117D005CB689 /* CollectionView */ = {
			isa = PBXGroup;
			children = (
				C7E067472171117D005CB689 /* CollectionView.swift */,
				7D678B4522DE43E600C85E64 /* CollectionViewAccessibilityDelegate.swift */,
				C7E067512171117D005CB689 /* CollectionViewEpoxyItemDataSourcePrefetching.swift */,
				C7E067532171117D005CB689 /* CollectionViewEpoxyItemDisplayDelegate.swift */,
				C7E067492171117D005CB689 /* CollectionViewEpoxyReorderingDelegate.swift */,
				C7E067522171117D005CB689 /* CollectionViewTransitionLayoutDelegate.swift */,
				C7E067482171117D005CB689 /* SupplementaryViewEpoxyableModel.swift */,
				C7E067442171117D005CB689 /* SupplementaryViewEpoxyModel.swift */,
				C7E0674A2171117D005CB689 /* Internal */,
				C7E067452171117D005CB689 /* LayoutDelegates */,
			);
			path = CollectionView;
			sourceTree = "<group>";
		};
		C7E067452171117D005CB689 /* LayoutDelegates */ = {
			isa = PBXGroup;
			children = (
				C7E067462171117D005CB689 /* CollectionView+UICollectionViewFlowLayoutDelegate.swift */,
			);
			path = LayoutDelegates;
			sourceTree = "<group>";
		};
		C7E0674A2171117D005CB689 /* Internal */ = {
			isa = PBXGroup;
			children = (
				C7E0674B2171117D005CB689 /* CollectionViewEpoxyDataSource.swift */,
				C7E0674D2171117D005CB689 /* CollectionViewCell.swift */,
				C7E0674E2171117D005CB689 /* CollectionViewReusableView.swift */,
				C7E067502171117D005CB689 /* InternalCollectionViewEpoxyData.swift */,
				7D80DE1722DCF79D00928570 /* CollectionViewCellAccessibilityDelegate.swift */,
			);
			path = Internal;
			sourceTree = "<group>";
		};
		C7E067542171117D005CB689 /* SectionController */ = {
			isa = PBXGroup;
			children = (
				C7E067572171117D005CB689 /* Controllers */,
				C7E067552171117D005CB689 /* EpoxyModelCache */,
				C7E0675A2171117D005CB689 /* Protocols */,
			);
			path = SectionController;
			sourceTree = "<group>";
		};
		C7E067552171117D005CB689 /* EpoxyModelCache */ = {
			isa = PBXGroup;
			children = (
				C7E067562171117D005CB689 /* EpoxyModelCache.swift */,
			);
			path = EpoxyModelCache;
			sourceTree = "<group>";
		};
		C7E067572171117D005CB689 /* Controllers */ = {
			isa = PBXGroup;
			children = (
				C7E067592171117D005CB689 /* EpoxyMultiSectionController.swift */,
				C7E067582171117D005CB689 /* EpoxySectionController.swift */,
			);
			path = Controllers;
			sourceTree = "<group>";
		};
		C7E0675A2171117D005CB689 /* Protocols */ = {
			isa = PBXGroup;
			children = (
				C7E0675D2171117D005CB689 /* EpoxyControllerDelegate.swift */,
				C7E0675B2171117D005CB689 /* EpoxyControlling.swift */,
				C7E0675C2171117D005CB689 /* EpoxySectionControlling.swift */,
			);
			path = Protocols;
			sourceTree = "<group>";
		};
		C7E0675E2171117D005CB689 /* Types */ = {
			isa = PBXGroup;
			children = (
				258EB5E32347BB6A005C410E /* EpoxyContext.swift */,
				258EB5E42347BB6A005C410E /* EpoxyViewMetadata.swift */,
				C7E0675F2171117D005CB689 /* EpoxyCellState.swift */,
				C7E067602171117D005CB689 /* EpoxyModel.swift */,
				C7E067622171117D005CB689 /* EpoxySection.swift */,
				7DCDDC0F2306191B006D210E /* Visibility */,
				254464272280D68F0061C014 /* Builders */,
			);
			path = Types;
			sourceTree = "<group>";
		};
		C7E067632171117D005CB689 /* ViewControllers */ = {
			isa = PBXGroup;
			children = (
				C7E067642171117D005CB689 /* EpoxyCollectionViewController.swift */,
				C7E067652171117D005CB689 /* EpoxyTableViewController.swift */,
			);
			path = ViewControllers;
			sourceTree = "<group>";
		};
		C7E067662171117D005CB689 /* Diffing */ = {
			isa = PBXGroup;
			children = (
				C7E067672171117D005CB689 /* Collection+Diff.swift */,
				C7E067692171117D005CB689 /* Diffable.swift */,
				C7E067682171117D005CB689 /* EpoxyChangeset.swift */,
			);
			path = Diffing;
			sourceTree = "<group>";
		};
		C7E0676A2171117D005CB689 /* Elements */ = {
			isa = PBXGroup;
			children = (
				C7E0676B2171117D005CB689 /* EpoxyDivider.swift */,
			);
			path = Elements;
			sourceTree = "<group>";
		};
		C7E0676C2171117D005CB689 /* Protocols */ = {
			isa = PBXGroup;
			children = (
				258EB5E72347BB87005C410E /* Highlightable.swift */,
				258EB5E82347BB87005C410E /* Selectable.swift */,
				C7E067732171117D005CB689 /* Animatable.swift */,
				C7E0676F2171117D005CB689 /* EpoxyableModel.swift */,
				C7E0676E2171117D005CB689 /* EpoxyAccessibilityCustomizable.swift */,
				C7E067702171117D005CB689 /* EpoxyCell.swift */,
				C7E067742171117D005CB689 /* EpoxyInterface.swift */,
				C7E0676D2171117D005CB689 /* EpoxyStringRepresentable.swift */,
				C7E067722171117D005CB689 /* InfiniteScrollingDelegate.swift */,
				C7E0674C2171117D005CB689 /* LayoutAttributesFittingPrioritiesProvider.swift */,
				8179787021EFB8B0003871CD /* StateCachingProtocols.swift */,
				C7E067712171117D005CB689 /* TypedEpoxyableModel.swift */,
			);
			path = Protocols;
			sourceTree = "<group>";
		};
/* End PBXGroup section */

/* Begin PBXHeadersBuildPhase section */
		C7E0670C21711118005CB689 /* Headers */ = {
			isa = PBXHeadersBuildPhase;
			buildActionMask = 2147483647;
			files = (
				C7E0672221711118005CB689 /* Epoxy.h in Headers */,
			);
			runOnlyForDeploymentPostprocessing = 0;
		};
/* End PBXHeadersBuildPhase section */

/* Begin PBXNativeTarget section */
		C7E0671021711118005CB689 /* Epoxy */ = {
			isa = PBXNativeTarget;
			buildConfigurationList = C7E0672521711118005CB689 /* Build configuration list for PBXNativeTarget "Epoxy" */;
			buildPhases = (
				C7E0670C21711118005CB689 /* Headers */,
				C7E0670D21711118005CB689 /* Sources */,
				C7E0670E21711118005CB689 /* Frameworks */,
				C7E0670F21711118005CB689 /* Resources */,
			);
			buildRules = (
			);
			dependencies = (
			);
			name = Epoxy;
			productName = Epoxy;
			productReference = C7E0671121711118005CB689 /* Epoxy.framework */;
			productType = "com.apple.product-type.framework";
		};
		C7E0671921711118005CB689 /* EpoxyTests */ = {
			isa = PBXNativeTarget;
			buildConfigurationList = C7E0672821711118005CB689 /* Build configuration list for PBXNativeTarget "EpoxyTests" */;
			buildPhases = (
				C7E0671621711118005CB689 /* Sources */,
				C7E0671721711118005CB689 /* Frameworks */,
				C7E0671821711118005CB689 /* Resources */,
			);
			buildRules = (
			);
			dependencies = (
				C7E0671D21711118005CB689 /* PBXTargetDependency */,
			);
			name = EpoxyTests;
			productName = EpoxyTests;
			productReference = C7E0671A21711118005CB689 /* EpoxyTests.xctest */;
			productType = "com.apple.product-type.bundle.unit-test";
		};
/* End PBXNativeTarget section */

/* Begin PBXProject section */
		C7E0670821711118005CB689 /* Project object */ = {
			isa = PBXProject;
			attributes = {
				LastSwiftUpdateCheck = 1000;
				LastUpgradeCheck = 1000;
				ORGANIZATIONNAME = Airbnb;
				TargetAttributes = {
					C7E0671021711118005CB689 = {
						CreatedOnToolsVersion = 10.0;
						LastSwiftMigration = 1020;
					};
					C7E0671921711118005CB689 = {
						CreatedOnToolsVersion = 10.0;
						LastSwiftMigration = 1020;
					};
				};
			};
			buildConfigurationList = C7E0670B21711118005CB689 /* Build configuration list for PBXProject "Epoxy" */;
			compatibilityVersion = "Xcode 9.3";
			developmentRegion = en;
			hasScannedForEncodings = 0;
			knownRegions = (
				en,
			);
			mainGroup = C7E0670721711118005CB689;
			productRefGroup = C7E0671221711118005CB689 /* Products */;
			projectDirPath = "";
			projectRoot = "";
			targets = (
				C7E0671021711118005CB689 /* Epoxy */,
				C7E0671921711118005CB689 /* EpoxyTests */,
			);
		};
/* End PBXProject section */

/* Begin PBXResourcesBuildPhase section */
		C7E0670F21711118005CB689 /* Resources */ = {
			isa = PBXResourcesBuildPhase;
			buildActionMask = 2147483647;
			files = (
			);
			runOnlyForDeploymentPostprocessing = 0;
		};
		C7E0671821711118005CB689 /* Resources */ = {
			isa = PBXResourcesBuildPhase;
			buildActionMask = 2147483647;
			files = (
			);
			runOnlyForDeploymentPostprocessing = 0;
		};
/* End PBXResourcesBuildPhase section */

/* Begin PBXSourcesBuildPhase section */
		C7E0670D21711118005CB689 /* Sources */ = {
			isa = PBXSourcesBuildPhase;
			buildActionMask = 2147483647;
			files = (
				25B0A94F228A24DF00D61BC4 /* InternalEpoxySection.swift in Sources */,
				C7E0679F2171117D005CB689 /* EpoxyChangeset.swift in Sources */,
				C7E067862171117D005CB689 /* CollectionView.swift in Sources */,
				C7E067972171117D005CB689 /* EpoxyControllerDelegate.swift in Sources */,
				C7E067812171117D005CB689 /* TableViewEpoxyModelDisplayDelegate.swift in Sources */,
				C7E067832171117D005CB689 /* CellSelectionStyle.swift in Sources */,
				7D678B4622DE43E600C85E64 /* CollectionViewAccessibilityDelegate.swift in Sources */,
				7D80DE1E22DD07C700928570 /* TableViewAccessibilityDelegate.swift in Sources */,
				C7E067842171117D005CB689 /* SupplementaryViewEpoxyModel.swift in Sources */,
				25C6ED6322862AC600186F01 /* TableViewExtensions.swift in Sources */,
				C7E067982171117D005CB689 /* EpoxyCellState.swift in Sources */,
				C7E0677D2171117D005CB689 /* TableViewEpoxyDataSource.swift in Sources */,
				25B0A94D228A1D1F00D61BC4 /* EpoxyModelWrapper.swift in Sources */,
				C7E067A52171117D005CB689 /* EpoxyCell.swift in Sources */,
				C7E067962171117D005CB689 /* EpoxySectionControlling.swift in Sources */,
				C7E067A32171117D005CB689 /* EpoxyAccessibilityCustomizable.swift in Sources */,
				C7E0679A2171117D005CB689 /* BaseEpoxyModelBuilder.swift in Sources */,
				C7E067802171117D005CB689 /* TableView.swift in Sources */,
				C7E0678F2171117D005CB689 /* CollectionViewEpoxyItemDataSourcePrefetching.swift in Sources */,
				C7E0678B2171117D005CB689 /* CollectionViewCell.swift in Sources */,
				C7E0679B2171117D005CB689 /* EpoxySection.swift in Sources */,
				C7E067892171117D005CB689 /* CollectionViewEpoxyDataSource.swift in Sources */,
				C7E0678C2171117D005CB689 /* CollectionViewReusableView.swift in Sources */,
				C7E0677F2171117D005CB689 /* InternalTableViewEpoxyData.swift in Sources */,
				C7E067A02171117D005CB689 /* Diffable.swift in Sources */,
				C7E0677C2171117D005CB689 /* EpoxySection+Find.swift in Sources */,
				C7E067902171117D005CB689 /* CollectionViewTransitionLayoutDelegate.swift in Sources */,
				C7E0679E2171117D005CB689 /* Collection+Diff.swift in Sources */,
				C7E0679D2171117D005CB689 /* EpoxyTableViewController.swift in Sources */,
				258EB5E52347BB6A005C410E /* EpoxyContext.swift in Sources */,
				C7E067A42171117D005CB689 /* EpoxyableModel.swift in Sources */,
				C7E067912171117D005CB689 /* CollectionViewEpoxyItemDisplayDelegate.swift in Sources */,
				C7E067A72171117D005CB689 /* InfiniteScrollingDelegate.swift in Sources */,
				C7E067A62171117D005CB689 /* TypedEpoxyableModel.swift in Sources */,
				258EB5E92347BB87005C410E /* Highlightable.swift in Sources */,
				C7E067922171117D005CB689 /* EpoxyModelCache.swift in Sources */,
				258EB5E62347BB6A005C410E /* EpoxyViewMetadata.swift in Sources */,
				C7E067822171117D005CB689 /* TableViewEpoxyModelDataSourcePrefetching.swift in Sources */,
				C7E067A22171117D005CB689 /* EpoxyStringRepresentable.swift in Sources */,
				C7E067A12171117D005CB689 /* EpoxyDivider.swift in Sources */,
				C7E067752171117D005CB689 /* InfiniteScrollingState.swift in Sources */,
				7DCDDC1323061939006D210E /* VisibleEpoxyModelMetaData.swift in Sources */,
				4CE67E8B225F190800BF0654 /* TableViewEpoxyModelSwipeActionDelegate.swift in Sources */,
				7D80DE1A22DCFE6C00928570 /* TableViewCellAccessibilityDelegate.swift in Sources */,
				C7E067952171117D005CB689 /* EpoxyControlling.swift in Sources */,
				C7E067852171117D005CB689 /* CollectionView+UICollectionViewFlowLayoutDelegate.swift in Sources */,
				C7E0678A2171117D005CB689 /* LayoutAttributesFittingPrioritiesProvider.swift in Sources */,
				C7E0678E2171117D005CB689 /* InternalCollectionViewEpoxyData.swift in Sources */,
				C7E0677B2171117D005CB689 /* InternalEpoxyInterface.swift in Sources */,
				254464292280D6BA0061C014 /* EpoxySectionBuilder.swift in Sources */,
				C7E0677E2171117D005CB689 /* TableViewCell.swift in Sources */,
				C7E0679C2171117D005CB689 /* EpoxyCollectionViewController.swift in Sources */,
				C7E067882171117D005CB689 /* CollectionViewEpoxyReorderingDelegate.swift in Sources */,
				C7E067782171117D005CB689 /* UIView+CompressedHeight.swift in Sources */,
				C7E067992171117D005CB689 /* EpoxyModel.swift in Sources */,
				C7E0677A2171117D005CB689 /* EpoxyableSection.swift in Sources */,
				7D80DE1822DCF79D00928570 /* CollectionViewCellAccessibilityDelegate.swift in Sources */,
				C7E067792171117D005CB689 /* InternalEpoxyDataType.swift in Sources */,
				C7E067A92171117D005CB689 /* EpoxyInterface.swift in Sources */,
				25C6ED652286473C00186F01 /* CollectionViewExtensions.swift in Sources */,
				258EB5EA2347BB87005C410E /* Selectable.swift in Sources */,
				C7E067872171117D005CB689 /* SupplementaryViewEpoxyableModel.swift in Sources */,
				C7E067932171117D005CB689 /* EpoxySectionController.swift in Sources */,
				7DCDDC0E23061911006D210E /* VisibleEpoxyMetadata.swift in Sources */,
				C7E067A82171117D005CB689 /* Animatable.swift in Sources */,
				C7E067772171117D005CB689 /* EpoxyDataSource.swift in Sources */,
				8179787121EFB8B0003871CD /* StateCachingProtocols.swift in Sources */,
				C7E067942171117D005CB689 /* EpoxyMultiSectionController.swift in Sources */,
				7DCDDC112306192D006D210E /* VisibleEpoxySectionMetadata.swift in Sources */,
			);
			runOnlyForDeploymentPostprocessing = 0;
		};
		C7E0671621711118005CB689 /* Sources */ = {
			isa = PBXSourcesBuildPhase;
			buildActionMask = 2147483647;
			files = (
				2544642D2280DC6B0061C014 /* EpoxyModelBuilderTests.swift in Sources */,
				254464302280DFFA0061C014 /* EpoxyTableViewSectionBuilderTests.swift in Sources */,
				25419A532294AFC300E82C27 /* CollectionViewTests.swift in Sources */,
				25419A512294AB2400E82C27 /* TableViewTests.swift in Sources */,
			);
			runOnlyForDeploymentPostprocessing = 0;
		};
/* End PBXSourcesBuildPhase section */

/* Begin PBXTargetDependency section */
		C7E0671D21711118005CB689 /* PBXTargetDependency */ = {
			isa = PBXTargetDependency;
			target = C7E0671021711118005CB689 /* Epoxy */;
			targetProxy = C7E0671C21711118005CB689 /* PBXContainerItemProxy */;
		};
/* End PBXTargetDependency section */

/* Begin XCBuildConfiguration section */
		C7E0672321711118005CB689 /* Debug */ = {
			isa = XCBuildConfiguration;
			buildSettings = {
				ALWAYS_SEARCH_USER_PATHS = NO;
				CLANG_ANALYZER_NONNULL = YES;
				CLANG_ANALYZER_NUMBER_OBJECT_CONVERSION = YES_AGGRESSIVE;
				CLANG_CXX_LANGUAGE_STANDARD = "gnu++14";
				CLANG_CXX_LIBRARY = "libc++";
				CLANG_ENABLE_MODULES = YES;
				CLANG_ENABLE_OBJC_ARC = YES;
				CLANG_ENABLE_OBJC_WEAK = YES;
				CLANG_WARN_BLOCK_CAPTURE_AUTORELEASING = YES;
				CLANG_WARN_BOOL_CONVERSION = YES;
				CLANG_WARN_COMMA = YES;
				CLANG_WARN_CONSTANT_CONVERSION = YES;
				CLANG_WARN_DEPRECATED_OBJC_IMPLEMENTATIONS = YES;
				CLANG_WARN_DIRECT_OBJC_ISA_USAGE = YES_ERROR;
				CLANG_WARN_DOCUMENTATION_COMMENTS = YES;
				CLANG_WARN_EMPTY_BODY = YES;
				CLANG_WARN_ENUM_CONVERSION = YES;
				CLANG_WARN_INFINITE_RECURSION = YES;
				CLANG_WARN_INT_CONVERSION = YES;
				CLANG_WARN_NON_LITERAL_NULL_CONVERSION = YES;
				CLANG_WARN_OBJC_IMPLICIT_RETAIN_SELF = YES;
				CLANG_WARN_OBJC_LITERAL_CONVERSION = YES;
				CLANG_WARN_OBJC_ROOT_CLASS = YES_ERROR;
				CLANG_WARN_RANGE_LOOP_ANALYSIS = YES;
				CLANG_WARN_STRICT_PROTOTYPES = YES;
				CLANG_WARN_SUSPICIOUS_MOVE = YES;
				CLANG_WARN_UNGUARDED_AVAILABILITY = YES_AGGRESSIVE;
				CLANG_WARN_UNREACHABLE_CODE = YES;
				CLANG_WARN__DUPLICATE_METHOD_MATCH = YES;
				CODE_SIGN_IDENTITY = "iPhone Developer";
				COPY_PHASE_STRIP = NO;
				CURRENT_PROJECT_VERSION = 1;
				DEBUG_INFORMATION_FORMAT = dwarf;
				ENABLE_STRICT_OBJC_MSGSEND = YES;
				ENABLE_TESTABILITY = YES;
				GCC_C_LANGUAGE_STANDARD = gnu11;
				GCC_DYNAMIC_NO_PIC = NO;
				GCC_NO_COMMON_BLOCKS = YES;
				GCC_OPTIMIZATION_LEVEL = 0;
				GCC_PREPROCESSOR_DEFINITIONS = (
					"DEBUG=1",
					"$(inherited)",
				);
				GCC_WARN_64_TO_32_BIT_CONVERSION = YES;
				GCC_WARN_ABOUT_RETURN_TYPE = YES_ERROR;
				GCC_WARN_UNDECLARED_SELECTOR = YES;
				GCC_WARN_UNINITIALIZED_AUTOS = YES_AGGRESSIVE;
				GCC_WARN_UNUSED_FUNCTION = YES;
				GCC_WARN_UNUSED_VARIABLE = YES;
				IPHONEOS_DEPLOYMENT_TARGET = 10.0;
				MTL_ENABLE_DEBUG_INFO = INCLUDE_SOURCE;
				MTL_FAST_MATH = YES;
				ONLY_ACTIVE_ARCH = YES;
				SDKROOT = iphoneos;
				SWIFT_ACTIVE_COMPILATION_CONDITIONS = DEBUG;
				SWIFT_OPTIMIZATION_LEVEL = "-Onone";
				SWIFT_VERSION = 4.0;
				VERSIONING_SYSTEM = "apple-generic";
				VERSION_INFO_PREFIX = "";
			};
			name = Debug;
		};
		C7E0672421711118005CB689 /* Release */ = {
			isa = XCBuildConfiguration;
			buildSettings = {
				ALWAYS_SEARCH_USER_PATHS = NO;
				CLANG_ANALYZER_NONNULL = YES;
				CLANG_ANALYZER_NUMBER_OBJECT_CONVERSION = YES_AGGRESSIVE;
				CLANG_CXX_LANGUAGE_STANDARD = "gnu++14";
				CLANG_CXX_LIBRARY = "libc++";
				CLANG_ENABLE_MODULES = YES;
				CLANG_ENABLE_OBJC_ARC = YES;
				CLANG_ENABLE_OBJC_WEAK = YES;
				CLANG_WARN_BLOCK_CAPTURE_AUTORELEASING = YES;
				CLANG_WARN_BOOL_CONVERSION = YES;
				CLANG_WARN_COMMA = YES;
				CLANG_WARN_CONSTANT_CONVERSION = YES;
				CLANG_WARN_DEPRECATED_OBJC_IMPLEMENTATIONS = YES;
				CLANG_WARN_DIRECT_OBJC_ISA_USAGE = YES_ERROR;
				CLANG_WARN_DOCUMENTATION_COMMENTS = YES;
				CLANG_WARN_EMPTY_BODY = YES;
				CLANG_WARN_ENUM_CONVERSION = YES;
				CLANG_WARN_INFINITE_RECURSION = YES;
				CLANG_WARN_INT_CONVERSION = YES;
				CLANG_WARN_NON_LITERAL_NULL_CONVERSION = YES;
				CLANG_WARN_OBJC_IMPLICIT_RETAIN_SELF = YES;
				CLANG_WARN_OBJC_LITERAL_CONVERSION = YES;
				CLANG_WARN_OBJC_ROOT_CLASS = YES_ERROR;
				CLANG_WARN_RANGE_LOOP_ANALYSIS = YES;
				CLANG_WARN_STRICT_PROTOTYPES = YES;
				CLANG_WARN_SUSPICIOUS_MOVE = YES;
				CLANG_WARN_UNGUARDED_AVAILABILITY = YES_AGGRESSIVE;
				CLANG_WARN_UNREACHABLE_CODE = YES;
				CLANG_WARN__DUPLICATE_METHOD_MATCH = YES;
				CODE_SIGN_IDENTITY = "iPhone Developer";
				COPY_PHASE_STRIP = NO;
				CURRENT_PROJECT_VERSION = 1;
				DEBUG_INFORMATION_FORMAT = "dwarf-with-dsym";
				ENABLE_NS_ASSERTIONS = NO;
				ENABLE_STRICT_OBJC_MSGSEND = YES;
				GCC_C_LANGUAGE_STANDARD = gnu11;
				GCC_NO_COMMON_BLOCKS = YES;
				GCC_WARN_64_TO_32_BIT_CONVERSION = YES;
				GCC_WARN_ABOUT_RETURN_TYPE = YES_ERROR;
				GCC_WARN_UNDECLARED_SELECTOR = YES;
				GCC_WARN_UNINITIALIZED_AUTOS = YES_AGGRESSIVE;
				GCC_WARN_UNUSED_FUNCTION = YES;
				GCC_WARN_UNUSED_VARIABLE = YES;
				IPHONEOS_DEPLOYMENT_TARGET = 10.0;
				MTL_ENABLE_DEBUG_INFO = NO;
				MTL_FAST_MATH = YES;
				SDKROOT = iphoneos;
				SWIFT_COMPILATION_MODE = wholemodule;
				SWIFT_OPTIMIZATION_LEVEL = "-O";
				SWIFT_VERSION = 4.0;
				VALIDATE_PRODUCT = YES;
				VERSIONING_SYSTEM = "apple-generic";
				VERSION_INFO_PREFIX = "";
			};
			name = Release;
		};
		C7E0672621711118005CB689 /* Debug */ = {
			isa = XCBuildConfiguration;
			buildSettings = {
				CODE_SIGN_IDENTITY = "";
				CODE_SIGN_STYLE = Automatic;
				DEFINES_MODULE = YES;
				DEVELOPMENT_TEAM = 5LL7P8E8RA;
				DYLIB_COMPATIBILITY_VERSION = 1;
				DYLIB_CURRENT_VERSION = 1;
				DYLIB_INSTALL_NAME_BASE = "@rpath";
				INFOPLIST_FILE = Epoxy/Info.plist;
				INSTALL_PATH = "$(LOCAL_LIBRARY_DIR)/Frameworks";
				LD_RUNPATH_SEARCH_PATHS = (
					"$(inherited)",
					"@executable_path/Frameworks",
					"@loader_path/Frameworks",
				);
				PRODUCT_BUNDLE_IDENTIFIER = airbnb.Epoxy;
				PRODUCT_NAME = "$(TARGET_NAME:c99extidentifier)";
				SKIP_INSTALL = YES;
				SWIFT_VERSION = 5.0;
				TARGETED_DEVICE_FAMILY = "1,2";
			};
			name = Debug;
		};
		C7E0672721711118005CB689 /* Release */ = {
			isa = XCBuildConfiguration;
			buildSettings = {
				CODE_SIGN_IDENTITY = "";
				CODE_SIGN_STYLE = Automatic;
				DEFINES_MODULE = YES;
				DEVELOPMENT_TEAM = 5LL7P8E8RA;
				DYLIB_COMPATIBILITY_VERSION = 1;
				DYLIB_CURRENT_VERSION = 1;
				DYLIB_INSTALL_NAME_BASE = "@rpath";
				INFOPLIST_FILE = Epoxy/Info.plist;
				INSTALL_PATH = "$(LOCAL_LIBRARY_DIR)/Frameworks";
				LD_RUNPATH_SEARCH_PATHS = (
					"$(inherited)",
					"@executable_path/Frameworks",
					"@loader_path/Frameworks",
				);
				PRODUCT_BUNDLE_IDENTIFIER = airbnb.Epoxy;
				PRODUCT_NAME = "$(TARGET_NAME:c99extidentifier)";
				SKIP_INSTALL = YES;
				SWIFT_VERSION = 5.0;
				TARGETED_DEVICE_FAMILY = "1,2";
			};
			name = Release;
		};
		C7E0672921711118005CB689 /* Debug */ = {
			isa = XCBuildConfiguration;
			buildSettings = {
				ALWAYS_EMBED_SWIFT_STANDARD_LIBRARIES = YES;
				CODE_SIGN_STYLE = Automatic;
				DEVELOPMENT_TEAM = 5LL7P8E8RA;
				INFOPLIST_FILE = EpoxyTests/Info.plist;
				LD_RUNPATH_SEARCH_PATHS = (
					"$(inherited)",
					"@executable_path/Frameworks",
					"@loader_path/Frameworks",
				);
				PRODUCT_BUNDLE_IDENTIFIER = airbnb.EpoxyTests;
				PRODUCT_NAME = "$(TARGET_NAME)";
				SWIFT_VERSION = 5.0;
				TARGETED_DEVICE_FAMILY = "1,2";
			};
			name = Debug;
		};
		C7E0672A21711118005CB689 /* Release */ = {
			isa = XCBuildConfiguration;
			buildSettings = {
				ALWAYS_EMBED_SWIFT_STANDARD_LIBRARIES = YES;
				CODE_SIGN_STYLE = Automatic;
				DEVELOPMENT_TEAM = 5LL7P8E8RA;
				INFOPLIST_FILE = EpoxyTests/Info.plist;
				LD_RUNPATH_SEARCH_PATHS = (
					"$(inherited)",
					"@executable_path/Frameworks",
					"@loader_path/Frameworks",
				);
				PRODUCT_BUNDLE_IDENTIFIER = airbnb.EpoxyTests;
				PRODUCT_NAME = "$(TARGET_NAME)";
				SWIFT_VERSION = 5.0;
				TARGETED_DEVICE_FAMILY = "1,2";
			};
			name = Release;
		};
/* End XCBuildConfiguration section */

/* Begin XCConfigurationList section */
		C7E0670B21711118005CB689 /* Build configuration list for PBXProject "Epoxy" */ = {
			isa = XCConfigurationList;
			buildConfigurations = (
				C7E0672321711118005CB689 /* Debug */,
				C7E0672421711118005CB689 /* Release */,
			);
			defaultConfigurationIsVisible = 0;
			defaultConfigurationName = Release;
		};
		C7E0672521711118005CB689 /* Build configuration list for PBXNativeTarget "Epoxy" */ = {
			isa = XCConfigurationList;
			buildConfigurations = (
				C7E0672621711118005CB689 /* Debug */,
				C7E0672721711118005CB689 /* Release */,
			);
			defaultConfigurationIsVisible = 0;
			defaultConfigurationName = Release;
		};
		C7E0672821711118005CB689 /* Build configuration list for PBXNativeTarget "EpoxyTests" */ = {
			isa = XCConfigurationList;
			buildConfigurations = (
				C7E0672921711118005CB689 /* Debug */,
				C7E0672A21711118005CB689 /* Release */,
			);
			defaultConfigurationIsVisible = 0;
			defaultConfigurationName = Release;
		};
/* End XCConfigurationList section */
	};
	rootObject = C7E0670821711118005CB689 /* Project object */;
}
