// !$*UTF8*$!
{
	archiveVersion = 1;
	classes = {
	};
	objectVersion = 52;
	objects = {

/* Begin PBXBuildFile section */
		2518441C25B8E38A000B801F /* ColorView.swift in Sources */ = {isa = PBXBuildFile; fileRef = 2518441B25B8E38A000B801F /* ColorView.swift */; };
		25627B93232ABF0F00D7327A /* AppDelegate.swift in Sources */ = {isa = PBXBuildFile; fileRef = 25627B92232ABF0E00D7327A /* AppDelegate.swift */; };
		25627B9A232ABF1000D7327A /* Assets.xcassets in Resources */ = {isa = PBXBuildFile; fileRef = 25627B99232ABF1000D7327A /* Assets.xcassets */; };
		25627B9D232ABF1100D7327A /* LaunchScreen.storyboard in Resources */ = {isa = PBXBuildFile; fileRef = 25627B9B232ABF1100D7327A /* LaunchScreen.storyboard */; };
		259863A225AE47710065024B /* UICollectionViewCompositionalLayout+List.swift in Sources */ = {isa = PBXBuildFile; fileRef = 259863A125AE47710065024B /* UICollectionViewCompositionalLayout+List.swift */; };
		25B6765F25AE883700C00B20 /* ProductViewController.swift in Sources */ = {isa = PBXBuildFile; fileRef = 25B6765E25AE883700C00B20 /* ProductViewController.swift */; };
		25B6766225AE898B00C00B20 /* ImageRow.swift in Sources */ = {isa = PBXBuildFile; fileRef = 25B6766125AE898B00C00B20 /* ImageRow.swift */; };
		25B6766525AE8BEA00C00B20 /* UIImageView+RemoteImage.swift in Sources */ = {isa = PBXBuildFile; fileRef = 25B6766425AE8BEA00C00B20 /* UIImageView+RemoteImage.swift */; };
		25B6766825AFA67100C00B20 /* ButtonRow.swift in Sources */ = {isa = PBXBuildFile; fileRef = 25B6766725AFA67100C00B20 /* ButtonRow.swift */; };
		25D39B3226277F0D00B3DBF9 /* MessagesUIStackViewViewController.swift in Sources */ = {isa = PBXBuildFile; fileRef = 25D39B2726277F0D00B3DBF9 /* MessagesUIStackViewViewController.swift */; };
		25D39B3426277F0D00B3DBF9 /* ComplexDeclarativeViewController.swift in Sources */ = {isa = PBXBuildFile; fileRef = 25D39B2926277F0D00B3DBF9 /* ComplexDeclarativeViewController.swift */; };
		25D39B3626277F0D00B3DBF9 /* ColorsViewController.swift in Sources */ = {isa = PBXBuildFile; fileRef = 25D39B2B26277F0D00B3DBF9 /* ColorsViewController.swift */; };
		25D39B3726277F0D00B3DBF9 /* LayoutGroupsReadmeExamplesViewController.swift in Sources */ = {isa = PBXBuildFile; fileRef = 25D39B2C26277F0D00B3DBF9 /* LayoutGroupsReadmeExamplesViewController.swift */; };
		25D39B3826277F0D00B3DBF9 /* TodoListViewController.swift in Sources */ = {isa = PBXBuildFile; fileRef = 25D39B2D26277F0D00B3DBF9 /* TodoListViewController.swift */; };
		25D39B3926277F0D00B3DBF9 /* MessagesViewController.swift in Sources */ = {isa = PBXBuildFile; fileRef = 25D39B2E26277F0D00B3DBF9 /* MessagesViewController.swift */; };
		25D39B3A26277F0D00B3DBF9 /* EntirelyInlineViewController.swift in Sources */ = {isa = PBXBuildFile; fileRef = 25D39B2F26277F0D00B3DBF9 /* EntirelyInlineViewController.swift */; };
		25D39B3B26277F0D00B3DBF9 /* TextRowExampleViewController.swift in Sources */ = {isa = PBXBuildFile; fileRef = 25D39B3026277F0D00B3DBF9 /* TextRowExampleViewController.swift */; };
		25D39B4B2627809D00B3DBF9 /* MessageRow.swift in Sources */ = {isa = PBXBuildFile; fileRef = 25D39B3F2627809D00B3DBF9 /* MessageRow.swift */; };
		25D39B4C2627809D00B3DBF9 /* ColorsRow.swift in Sources */ = {isa = PBXBuildFile; fileRef = 25D39B402627809D00B3DBF9 /* ColorsRow.swift */; };
		25D39B4D2627809D00B3DBF9 /* IconRow.swift in Sources */ = {isa = PBXBuildFile; fileRef = 25D39B412627809D00B3DBF9 /* IconRow.swift */; };
		25D39B4E2627809D00B3DBF9 /* CheckboxRow.swift in Sources */ = {isa = PBXBuildFile; fileRef = 25D39B422627809D00B3DBF9 /* CheckboxRow.swift */; };
		25D39B4F2627809D00B3DBF9 /* Label.swift in Sources */ = {isa = PBXBuildFile; fileRef = 25D39B442627809D00B3DBF9 /* Label.swift */; };
		25D39B502627809D00B3DBF9 /* BaseRow.swift in Sources */ = {isa = PBXBuildFile; fileRef = 25D39B452627809D00B3DBF9 /* BaseRow.swift */; };
		25D39B522627809D00B3DBF9 /* ImageView.swift in Sources */ = {isa = PBXBuildFile; fileRef = 25D39B472627809D00B3DBF9 /* ImageView.swift */; };
		25D39B532627809D00B3DBF9 /* Button.swift in Sources */ = {isa = PBXBuildFile; fileRef = 25D39B482627809D00B3DBF9 /* Button.swift */; };
		25D39B542627809D00B3DBF9 /* MessageRowStackView.swift in Sources */ = {isa = PBXBuildFile; fileRef = 25D39B492627809D00B3DBF9 /* MessageRowStackView.swift */; };
		25D39B552627809D00B3DBF9 /* ActionButtonRow.swift in Sources */ = {isa = PBXBuildFile; fileRef = 25D39B4A2627809D00B3DBF9 /* ActionButtonRow.swift */; };
		25D39B5C262789E000B3DBF9 /* AlignableTextRow.swift in Sources */ = {isa = PBXBuildFile; fileRef = 25D39B5B262789E000B3DBF9 /* AlignableTextRow.swift */; };
		25D39B5F26278B1700B3DBF9 /* LayoutGroupsExample.swift in Sources */ = {isa = PBXBuildFile; fileRef = 25D39B5E26278B1700B3DBF9 /* LayoutGroupsExample.swift */; };
		25D39B6426278DD900B3DBF9 /* LayoutGroupsExampleViewController.swift in Sources */ = {isa = PBXBuildFile; fileRef = 25D39B6326278DD900B3DBF9 /* LayoutGroupsExampleViewController.swift */; };
		25F71A9C273D9855004D30CE /* DynamicLayoutGroupsViewController.swift in Sources */ = {isa = PBXBuildFile; fileRef = 25F71A9B273D9855004D30CE /* DynamicLayoutGroupsViewController.swift */; };
		25F71A9E273D990E004D30CE /* DynamicRow.swift in Sources */ = {isa = PBXBuildFile; fileRef = 25F71A9D273D990E004D30CE /* DynamicRow.swift */; };
		25FEB79225AE431100F8EFBD /* MainViewController.swift in Sources */ = {isa = PBXBuildFile; fileRef = 25FEB79125AE431100F8EFBD /* MainViewController.swift */; };
		2E8B007623F47E7E00D82A31 /* CustomSizingView.swift in Sources */ = {isa = PBXBuildFile; fileRef = 2E8B007523F47E7E00D82A31 /* CustomSizingView.swift */; };
		A5AD02A72637CBF9007261BC /* TextFieldRow.swift in Sources */ = {isa = PBXBuildFile; fileRef = A5AD02A62637CBF9007261BC /* TextFieldRow.swift */; };
		A61AFF592602B86E005356A8 /* Example.swift in Sources */ = {isa = PBXBuildFile; fileRef = A61AFF582602B86E005356A8 /* Example.swift */; };
		A61AFF5C2602B8D7005356A8 /* ReadmeExample.swift in Sources */ = {isa = PBXBuildFile; fileRef = A61AFF5B2602B8D7005356A8 /* ReadmeExample.swift */; };
		A61AFF5F2602B99E005356A8 /* TapMeViewController.swift in Sources */ = {isa = PBXBuildFile; fileRef = A61AFF5E2602B99E005356A8 /* TapMeViewController.swift */; };
		A61AFF632602BA2B005356A8 /* NavigationWrapperViewController.swift in Sources */ = {isa = PBXBuildFile; fileRef = A61AFF622602BA2B005356A8 /* NavigationWrapperViewController.swift */; };
		A633B24025B6494D0095E464 /* BeloIpsum.swift in Sources */ = {isa = PBXBuildFile; fileRef = A633B23F25B6494D0095E464 /* BeloIpsum.swift */; };
		A633B24625B6507A0095E464 /* ImageMarquee.swift in Sources */ = {isa = PBXBuildFile; fileRef = A633B24525B6507A0095E464 /* ImageMarquee.swift */; };
		A6358A3A25C4E4AE007051D5 /* PresentationViewController.swift in Sources */ = {isa = PBXBuildFile; fileRef = A6358A3925C4E4AE007051D5 /* PresentationViewController.swift */; };
		A667554125D2FEC400AC4FC8 /* CardContainer.swift in Sources */ = {isa = PBXBuildFile; fileRef = A667554025D2FEC400AC4FC8 /* CardContainer.swift */; };
		A667554425D3028D00AC4FC8 /* CardStackViewController.swift in Sources */ = {isa = PBXBuildFile; fileRef = A667554325D3028D00AC4FC8 /* CardStackViewController.swift */; };
		A67255622717874A0085346B /* EpoxyInSwiftUIViewController.swift in Sources */ = {isa = PBXBuildFile; fileRef = A67255602717874A0085346B /* EpoxyInSwiftUIViewController.swift */; };
		A67255632717874A0085346B /* SwiftUIInEpoxyViewController.swift in Sources */ = {isa = PBXBuildFile; fileRef = A67255612717874A0085346B /* SwiftUIInEpoxyViewController.swift */; };
		A672556B271788210085346B /* FlowLayoutViewController.swift in Sources */ = {isa = PBXBuildFile; fileRef = A6725567271788210085346B /* FlowLayoutViewController.swift */; };
		A672556C271788210085346B /* CustomSelfSizingContentViewController.swift in Sources */ = {isa = PBXBuildFile; fileRef = A6725568271788210085346B /* CustomSelfSizingContentViewController.swift */; };
		A672556D271788210085346B /* TextFieldViewController.swift in Sources */ = {isa = PBXBuildFile; fileRef = A6725569271788210085346B /* TextFieldViewController.swift */; };
		A672556E271788210085346B /* CompositionalLayoutViewController.swift in Sources */ = {isa = PBXBuildFile; fileRef = A672556A271788210085346B /* CompositionalLayoutViewController.swift */; };
		A67255722718C8E40085346B /* UIViewController+LayoutGroupsExample.swift in Sources */ = {isa = PBXBuildFile; fileRef = A67255712718C8E40085346B /* UIViewController+LayoutGroupsExample.swift */; };
		A67255782718DAFA0085346B /* UIViewController+ReadmeExample.swift in Sources */ = {isa = PBXBuildFile; fileRef = A67255772718DAFA0085346B /* UIViewController+ReadmeExample.swift */; };
		A6990DCC25633D8600689965 /* Epoxy in Frameworks */ = {isa = PBXBuildFile; productRef = A6990DCB25633D8600689965 /* Epoxy */; };
		A6F0928B25B9E983007D902B /* TextRow.swift in Sources */ = {isa = PBXBuildFile; fileRef = A6F0928A25B9E983007D902B /* TextRow.swift */; };
		A6F0928F25B9ECC6007D902B /* ReadmeExamplesViewController.swift in Sources */ = {isa = PBXBuildFile; fileRef = A6F0928E25B9ECC6007D902B /* ReadmeExamplesViewController.swift */; };
		A6F0929325B9ED0C007D902B /* CounterViewController.swift in Sources */ = {isa = PBXBuildFile; fileRef = A6F0929225B9ED0C007D902B /* CounterViewController.swift */; };
		A6F0929625B9EEF3007D902B /* BottomButtonViewController.swift in Sources */ = {isa = PBXBuildFile; fileRef = A6F0929525B9EEF3007D902B /* BottomButtonViewController.swift */; };
		A6F0929D25B9EFB9007D902B /* FormNavigationController.swift in Sources */ = {isa = PBXBuildFile; fileRef = A6F0929C25B9EFB9007D902B /* FormNavigationController.swift */; };
		BACF3E8C23DBB8DC0001CCD1 /* ShuffleViewController.swift in Sources */ = {isa = PBXBuildFile; fileRef = BACF3E8B23DBB8DC0001CCD1 /* ShuffleViewController.swift */; };
/* End PBXBuildFile section */

/* Begin PBXFileReference section */
		011B9972283EE14400982CB4 /* epoxy-ios */ = {isa = PBXFileReference; lastKnownFileType = wrapper; name = "epoxy-ios"; path = ..; sourceTree = "<group>"; };
		2518441B25B8E38A000B801F /* ColorView.swift */ = {isa = PBXFileReference; lastKnownFileType = sourcecode.swift; path = ColorView.swift; sourceTree = "<group>"; };
		25627B8F232ABF0E00D7327A /* EpoxyExample.app */ = {isa = PBXFileReference; explicitFileType = wrapper.application; includeInIndex = 0; path = EpoxyExample.app; sourceTree = BUILT_PRODUCTS_DIR; };
		25627B92232ABF0E00D7327A /* AppDelegate.swift */ = {isa = PBXFileReference; lastKnownFileType = sourcecode.swift; path = AppDelegate.swift; sourceTree = "<group>"; };
		25627B99232ABF1000D7327A /* Assets.xcassets */ = {isa = PBXFileReference; lastKnownFileType = folder.assetcatalog; path = Assets.xcassets; sourceTree = "<group>"; };
		25627B9C232ABF1100D7327A /* Base */ = {isa = PBXFileReference; lastKnownFileType = file.storyboard; name = Base; path = Base.lproj/LaunchScreen.storyboard; sourceTree = "<group>"; };
		25627B9E232ABF1100D7327A /* Info.plist */ = {isa = PBXFileReference; lastKnownFileType = text.plist.xml; path = Info.plist; sourceTree = "<group>"; };
		259863A125AE47710065024B /* UICollectionViewCompositionalLayout+List.swift */ = {isa = PBXFileReference; lastKnownFileType = sourcecode.swift; path = "UICollectionViewCompositionalLayout+List.swift"; sourceTree = "<group>"; };
		25B6765E25AE883700C00B20 /* ProductViewController.swift */ = {isa = PBXFileReference; lastKnownFileType = sourcecode.swift; path = ProductViewController.swift; sourceTree = "<group>"; };
		25B6766125AE898B00C00B20 /* ImageRow.swift */ = {isa = PBXFileReference; lastKnownFileType = sourcecode.swift; path = ImageRow.swift; sourceTree = "<group>"; };
		25B6766425AE8BEA00C00B20 /* UIImageView+RemoteImage.swift */ = {isa = PBXFileReference; lastKnownFileType = sourcecode.swift; path = "UIImageView+RemoteImage.swift"; sourceTree = "<group>"; };
		25B6766725AFA67100C00B20 /* ButtonRow.swift */ = {isa = PBXFileReference; lastKnownFileType = sourcecode.swift; path = ButtonRow.swift; sourceTree = "<group>"; };
		25D39B2726277F0D00B3DBF9 /* MessagesUIStackViewViewController.swift */ = {isa = PBXFileReference; fileEncoding = 4; lastKnownFileType = sourcecode.swift; path = MessagesUIStackViewViewController.swift; sourceTree = "<group>"; };
		25D39B2926277F0D00B3DBF9 /* ComplexDeclarativeViewController.swift */ = {isa = PBXFileReference; fileEncoding = 4; lastKnownFileType = sourcecode.swift; path = ComplexDeclarativeViewController.swift; sourceTree = "<group>"; };
		25D39B2B26277F0D00B3DBF9 /* ColorsViewController.swift */ = {isa = PBXFileReference; fileEncoding = 4; lastKnownFileType = sourcecode.swift; path = ColorsViewController.swift; sourceTree = "<group>"; };
		25D39B2C26277F0D00B3DBF9 /* LayoutGroupsReadmeExamplesViewController.swift */ = {isa = PBXFileReference; fileEncoding = 4; lastKnownFileType = sourcecode.swift; path = LayoutGroupsReadmeExamplesViewController.swift; sourceTree = "<group>"; };
		25D39B2D26277F0D00B3DBF9 /* TodoListViewController.swift */ = {isa = PBXFileReference; fileEncoding = 4; lastKnownFileType = sourcecode.swift; path = TodoListViewController.swift; sourceTree = "<group>"; };
		25D39B2E26277F0D00B3DBF9 /* MessagesViewController.swift */ = {isa = PBXFileReference; fileEncoding = 4; lastKnownFileType = sourcecode.swift; path = MessagesViewController.swift; sourceTree = "<group>"; };
		25D39B2F26277F0D00B3DBF9 /* EntirelyInlineViewController.swift */ = {isa = PBXFileReference; fileEncoding = 4; lastKnownFileType = sourcecode.swift; path = EntirelyInlineViewController.swift; sourceTree = "<group>"; };
		25D39B3026277F0D00B3DBF9 /* TextRowExampleViewController.swift */ = {isa = PBXFileReference; fileEncoding = 4; lastKnownFileType = sourcecode.swift; path = TextRowExampleViewController.swift; sourceTree = "<group>"; };
		25D39B3F2627809D00B3DBF9 /* MessageRow.swift */ = {isa = PBXFileReference; fileEncoding = 4; lastKnownFileType = sourcecode.swift; path = MessageRow.swift; sourceTree = "<group>"; };
		25D39B402627809D00B3DBF9 /* ColorsRow.swift */ = {isa = PBXFileReference; fileEncoding = 4; lastKnownFileType = sourcecode.swift; path = ColorsRow.swift; sourceTree = "<group>"; };
		25D39B412627809D00B3DBF9 /* IconRow.swift */ = {isa = PBXFileReference; fileEncoding = 4; lastKnownFileType = sourcecode.swift; path = IconRow.swift; sourceTree = "<group>"; };
		25D39B422627809D00B3DBF9 /* CheckboxRow.swift */ = {isa = PBXFileReference; fileEncoding = 4; lastKnownFileType = sourcecode.swift; path = CheckboxRow.swift; sourceTree = "<group>"; };
		25D39B442627809D00B3DBF9 /* Label.swift */ = {isa = PBXFileReference; fileEncoding = 4; lastKnownFileType = sourcecode.swift; path = Label.swift; sourceTree = "<group>"; };
		25D39B452627809D00B3DBF9 /* BaseRow.swift */ = {isa = PBXFileReference; fileEncoding = 4; lastKnownFileType = sourcecode.swift; path = BaseRow.swift; sourceTree = "<group>"; };
		25D39B472627809D00B3DBF9 /* ImageView.swift */ = {isa = PBXFileReference; fileEncoding = 4; lastKnownFileType = sourcecode.swift; path = ImageView.swift; sourceTree = "<group>"; };
		25D39B482627809D00B3DBF9 /* Button.swift */ = {isa = PBXFileReference; fileEncoding = 4; lastKnownFileType = sourcecode.swift; path = Button.swift; sourceTree = "<group>"; };
		25D39B492627809D00B3DBF9 /* MessageRowStackView.swift */ = {isa = PBXFileReference; fileEncoding = 4; lastKnownFileType = sourcecode.swift; path = MessageRowStackView.swift; sourceTree = "<group>"; };
		25D39B4A2627809D00B3DBF9 /* ActionButtonRow.swift */ = {isa = PBXFileReference; fileEncoding = 4; lastKnownFileType = sourcecode.swift; path = ActionButtonRow.swift; sourceTree = "<group>"; };
		25D39B5B262789E000B3DBF9 /* AlignableTextRow.swift */ = {isa = PBXFileReference; fileEncoding = 4; lastKnownFileType = sourcecode.swift; path = AlignableTextRow.swift; sourceTree = "<group>"; };
		25D39B5E26278B1700B3DBF9 /* LayoutGroupsExample.swift */ = {isa = PBXFileReference; lastKnownFileType = sourcecode.swift; path = LayoutGroupsExample.swift; sourceTree = "<group>"; };
		25D39B6326278DD900B3DBF9 /* LayoutGroupsExampleViewController.swift */ = {isa = PBXFileReference; lastKnownFileType = sourcecode.swift; path = LayoutGroupsExampleViewController.swift; sourceTree = "<group>"; };
		25F71A9B273D9855004D30CE /* DynamicLayoutGroupsViewController.swift */ = {isa = PBXFileReference; lastKnownFileType = sourcecode.swift; path = DynamicLayoutGroupsViewController.swift; sourceTree = "<group>"; };
		25F71A9D273D990E004D30CE /* DynamicRow.swift */ = {isa = PBXFileReference; lastKnownFileType = sourcecode.swift; path = DynamicRow.swift; sourceTree = "<group>"; };
		25FEB79125AE431100F8EFBD /* MainViewController.swift */ = {isa = PBXFileReference; lastKnownFileType = sourcecode.swift; path = MainViewController.swift; sourceTree = "<group>"; };
		2E8B007523F47E7E00D82A31 /* CustomSizingView.swift */ = {isa = PBXFileReference; lastKnownFileType = sourcecode.swift; path = CustomSizingView.swift; sourceTree = "<group>"; };
		A5AD02A62637CBF9007261BC /* TextFieldRow.swift */ = {isa = PBXFileReference; lastKnownFileType = sourcecode.swift; path = TextFieldRow.swift; sourceTree = "<group>"; };
		A61AFF582602B86E005356A8 /* Example.swift */ = {isa = PBXFileReference; lastKnownFileType = sourcecode.swift; path = Example.swift; sourceTree = "<group>"; };
		A61AFF5B2602B8D7005356A8 /* ReadmeExample.swift */ = {isa = PBXFileReference; lastKnownFileType = sourcecode.swift; path = ReadmeExample.swift; sourceTree = "<group>"; };
		A61AFF5E2602B99E005356A8 /* TapMeViewController.swift */ = {isa = PBXFileReference; lastKnownFileType = sourcecode.swift; path = TapMeViewController.swift; sourceTree = "<group>"; };
		A61AFF622602BA2B005356A8 /* NavigationWrapperViewController.swift */ = {isa = PBXFileReference; lastKnownFileType = sourcecode.swift; path = NavigationWrapperViewController.swift; sourceTree = "<group>"; };
		A633B23F25B6494D0095E464 /* BeloIpsum.swift */ = {isa = PBXFileReference; fileEncoding = 4; lastKnownFileType = sourcecode.swift; path = BeloIpsum.swift; sourceTree = "<group>"; };
		A633B24525B6507A0095E464 /* ImageMarquee.swift */ = {isa = PBXFileReference; lastKnownFileType = sourcecode.swift; path = ImageMarquee.swift; sourceTree = "<group>"; };
		A6358A3925C4E4AE007051D5 /* PresentationViewController.swift */ = {isa = PBXFileReference; lastKnownFileType = sourcecode.swift; path = PresentationViewController.swift; sourceTree = "<group>"; };
		A667554025D2FEC400AC4FC8 /* CardContainer.swift */ = {isa = PBXFileReference; lastKnownFileType = sourcecode.swift; path = CardContainer.swift; sourceTree = "<group>"; };
		A667554325D3028D00AC4FC8 /* CardStackViewController.swift */ = {isa = PBXFileReference; lastKnownFileType = sourcecode.swift; path = CardStackViewController.swift; sourceTree = "<group>"; };
		A67255602717874A0085346B /* EpoxyInSwiftUIViewController.swift */ = {isa = PBXFileReference; fileEncoding = 4; lastKnownFileType = sourcecode.swift; path = EpoxyInSwiftUIViewController.swift; sourceTree = "<group>"; };
		A67255612717874A0085346B /* SwiftUIInEpoxyViewController.swift */ = {isa = PBXFileReference; fileEncoding = 4; lastKnownFileType = sourcecode.swift; path = SwiftUIInEpoxyViewController.swift; sourceTree = "<group>"; };
		A6725567271788210085346B /* FlowLayoutViewController.swift */ = {isa = PBXFileReference; fileEncoding = 4; lastKnownFileType = sourcecode.swift; path = FlowLayoutViewController.swift; sourceTree = "<group>"; };
		A6725568271788210085346B /* CustomSelfSizingContentViewController.swift */ = {isa = PBXFileReference; fileEncoding = 4; lastKnownFileType = sourcecode.swift; path = CustomSelfSizingContentViewController.swift; sourceTree = "<group>"; };
		A6725569271788210085346B /* TextFieldViewController.swift */ = {isa = PBXFileReference; fileEncoding = 4; lastKnownFileType = sourcecode.swift; path = TextFieldViewController.swift; sourceTree = "<group>"; };
		A672556A271788210085346B /* CompositionalLayoutViewController.swift */ = {isa = PBXFileReference; fileEncoding = 4; lastKnownFileType = sourcecode.swift; path = CompositionalLayoutViewController.swift; sourceTree = "<group>"; };
		A67255712718C8E40085346B /* UIViewController+LayoutGroupsExample.swift */ = {isa = PBXFileReference; lastKnownFileType = sourcecode.swift; path = "UIViewController+LayoutGroupsExample.swift"; sourceTree = "<group>"; };
		A67255772718DAFA0085346B /* UIViewController+ReadmeExample.swift */ = {isa = PBXFileReference; lastKnownFileType = sourcecode.swift; path = "UIViewController+ReadmeExample.swift"; sourceTree = "<group>"; };
		A6F0928A25B9E983007D902B /* TextRow.swift */ = {isa = PBXFileReference; fileEncoding = 4; lastKnownFileType = sourcecode.swift; path = TextRow.swift; sourceTree = "<group>"; };
		A6F0928E25B9ECC6007D902B /* ReadmeExamplesViewController.swift */ = {isa = PBXFileReference; lastKnownFileType = sourcecode.swift; path = ReadmeExamplesViewController.swift; sourceTree = "<group>"; };
		A6F0929225B9ED0C007D902B /* CounterViewController.swift */ = {isa = PBXFileReference; lastKnownFileType = sourcecode.swift; path = CounterViewController.swift; sourceTree = "<group>"; };
		A6F0929525B9EEF3007D902B /* BottomButtonViewController.swift */ = {isa = PBXFileReference; lastKnownFileType = sourcecode.swift; path = BottomButtonViewController.swift; sourceTree = "<group>"; };
		A6F0929C25B9EFB9007D902B /* FormNavigationController.swift */ = {isa = PBXFileReference; lastKnownFileType = sourcecode.swift; path = FormNavigationController.swift; sourceTree = "<group>"; };
		BACF3E8B23DBB8DC0001CCD1 /* ShuffleViewController.swift */ = {isa = PBXFileReference; lastKnownFileType = sourcecode.swift; path = ShuffleViewController.swift; sourceTree = "<group>"; };
/* End PBXFileReference section */

/* Begin PBXFrameworksBuildPhase section */
		25627B8C232ABF0E00D7327A /* Frameworks */ = {
			isa = PBXFrameworksBuildPhase;
			buildActionMask = 2147483647;
			files = (
				A6990DCC25633D8600689965 /* Epoxy in Frameworks */,
			);
			runOnlyForDeploymentPostprocessing = 0;
		};
/* End PBXFrameworksBuildPhase section */

/* Begin PBXGroup section */
		011B9971283EE14400982CB4 /* Packages */ = {
			isa = PBXGroup;
			children = (
				011B9972283EE14400982CB4 /* epoxy-ios */,
			);
			name = Packages;
			sourceTree = "<group>";
		};
		25023CBA25AE281F0055B94B /* Assets */ = {
			isa = PBXGroup;
			children = (
				25627B9E232ABF1100D7327A /* Info.plist */,
				25627B99232ABF1000D7327A /* Assets.xcassets */,
				25627B9B232ABF1100D7327A /* LaunchScreen.storyboard */,
			);
			path = Assets;
			sourceTree = "<group>";
		};
		25627B86232ABF0E00D7327A = {
			isa = PBXGroup;
			children = (
				011B9971283EE14400982CB4 /* Packages */,
				25627B91232ABF0E00D7327A /* EpoxyExample */,
				25627B90232ABF0E00D7327A /* Products */,
				A6990DBE25633C8C00689965 /* Frameworks */,
			);
			sourceTree = "<group>";
		};
		25627B90232ABF0E00D7327A /* Products */ = {
			isa = PBXGroup;
			children = (
				25627B8F232ABF0E00D7327A /* EpoxyExample.app */,
			);
			name = Products;
			sourceTree = "<group>";
		};
		25627B91232ABF0E00D7327A /* EpoxyExample */ = {
			isa = PBXGroup;
			children = (
				25FEB79625AE440700F8EFBD /* Application */,
				25023CBA25AE281F0055B94B /* Assets */,
				25FEB79725AE441300F8EFBD /* Data */,
				25FEB79825AE441800F8EFBD /* Extensions */,
				25FEB79425AE43F000F8EFBD /* ViewControllers */,
				25FEB79525AE43FC00F8EFBD /* Views */,
			);
			path = EpoxyExample;
			sourceTree = "<group>";
		};
		25D39B2626277F0D00B3DBF9 /* LayoutGroups */ = {
			isa = PBXGroup;
			children = (
				25D39B2726277F0D00B3DBF9 /* MessagesUIStackViewViewController.swift */,
				25D39B2926277F0D00B3DBF9 /* ComplexDeclarativeViewController.swift */,
				25D39B2B26277F0D00B3DBF9 /* ColorsViewController.swift */,
				25D39B2C26277F0D00B3DBF9 /* LayoutGroupsReadmeExamplesViewController.swift */,
				25D39B2D26277F0D00B3DBF9 /* TodoListViewController.swift */,
				25D39B2E26277F0D00B3DBF9 /* MessagesViewController.swift */,
				25D39B2F26277F0D00B3DBF9 /* EntirelyInlineViewController.swift */,
				25D39B3026277F0D00B3DBF9 /* TextRowExampleViewController.swift */,
				A67255712718C8E40085346B /* UIViewController+LayoutGroupsExample.swift */,
				25F71A9B273D9855004D30CE /* DynamicLayoutGroupsViewController.swift */,
			);
			path = LayoutGroups;
			sourceTree = "<group>";
		};
		25D39B3E2627809D00B3DBF9 /* LayoutGroups */ = {
			isa = PBXGroup;
			children = (
				25D39B5B262789E000B3DBF9 /* AlignableTextRow.swift */,
				25D39B3F2627809D00B3DBF9 /* MessageRow.swift */,
				25D39B402627809D00B3DBF9 /* ColorsRow.swift */,
				25D39B412627809D00B3DBF9 /* IconRow.swift */,
				25D39B422627809D00B3DBF9 /* CheckboxRow.swift */,
				25D39B432627809D00B3DBF9 /* Elements */,
				25D39B492627809D00B3DBF9 /* MessageRowStackView.swift */,
				25D39B4A2627809D00B3DBF9 /* ActionButtonRow.swift */,
				25F71A9D273D990E004D30CE /* DynamicRow.swift */,
			);
			path = LayoutGroups;
			sourceTree = "<group>";
		};
		25D39B432627809D00B3DBF9 /* Elements */ = {
			isa = PBXGroup;
			children = (
				25D39B442627809D00B3DBF9 /* Label.swift */,
				25D39B452627809D00B3DBF9 /* BaseRow.swift */,
				25D39B472627809D00B3DBF9 /* ImageView.swift */,
				25D39B482627809D00B3DBF9 /* Button.swift */,
			);
			path = Elements;
			sourceTree = "<group>";
		};
		25FEB79425AE43F000F8EFBD /* ViewControllers */ = {
			isa = PBXGroup;
			children = (
				A6725566271788210085346B /* CollectionView */,
				A61AFF612602BA20005356A8 /* Helpers */,
				25D39B2626277F0D00B3DBF9 /* LayoutGroups */,
				25FEB79125AE431100F8EFBD /* MainViewController.swift */,
				25B6765E25AE883700C00B20 /* ProductViewController.swift */,
				A6F0928D25B9EC8B007D902B /* Readme */,
				A6725564271787E50085346B /* SwiftUI */,
			);
			path = ViewControllers;
			sourceTree = "<group>";
		};
		25FEB79525AE43FC00F8EFBD /* Views */ = {
			isa = PBXGroup;
			children = (
				25D39B3E2627809D00B3DBF9 /* LayoutGroups */,
				A6F0928A25B9E983007D902B /* TextRow.swift */,
				A5AD02A62637CBF9007261BC /* TextFieldRow.swift */,
				2E8B007523F47E7E00D82A31 /* CustomSizingView.swift */,
				25B6766125AE898B00C00B20 /* ImageRow.swift */,
				25B6766725AFA67100C00B20 /* ButtonRow.swift */,
				A633B24525B6507A0095E464 /* ImageMarquee.swift */,
				2518441B25B8E38A000B801F /* ColorView.swift */,
				A667554025D2FEC400AC4FC8 /* CardContainer.swift */,
			);
			path = Views;
			sourceTree = "<group>";
		};
		25FEB79625AE440700F8EFBD /* Application */ = {
			isa = PBXGroup;
			children = (
				25627B92232ABF0E00D7327A /* AppDelegate.swift */,
			);
			path = Application;
			sourceTree = "<group>";
		};
		25FEB79725AE441300F8EFBD /* Data */ = {
			isa = PBXGroup;
			children = (
				A633B23F25B6494D0095E464 /* BeloIpsum.swift */,
				A61AFF582602B86E005356A8 /* Example.swift */,
				A61AFF5B2602B8D7005356A8 /* ReadmeExample.swift */,
				25D39B5E26278B1700B3DBF9 /* LayoutGroupsExample.swift */,
			);
			path = Data;
			sourceTree = "<group>";
		};
		25FEB79825AE441800F8EFBD /* Extensions */ = {
			isa = PBXGroup;
			children = (
				259863A125AE47710065024B /* UICollectionViewCompositionalLayout+List.swift */,
				25B6766425AE8BEA00C00B20 /* UIImageView+RemoteImage.swift */,
			);
			path = Extensions;
			sourceTree = "<group>";
		};
		A61AFF612602BA20005356A8 /* Helpers */ = {
			isa = PBXGroup;
			children = (
				A61AFF622602BA2B005356A8 /* NavigationWrapperViewController.swift */,
			);
			path = Helpers;
			sourceTree = "<group>";
		};
		A6725564271787E50085346B /* SwiftUI */ = {
			isa = PBXGroup;
			children = (
				A67255602717874A0085346B /* EpoxyInSwiftUIViewController.swift */,
				A67255612717874A0085346B /* SwiftUIInEpoxyViewController.swift */,
			);
			path = SwiftUI;
			sourceTree = "<group>";
		};
		A6725566271788210085346B /* CollectionView */ = {
			isa = PBXGroup;
			children = (
				A667554325D3028D00AC4FC8 /* CardStackViewController.swift */,
				A672556A271788210085346B /* CompositionalLayoutViewController.swift */,
				A6725568271788210085346B /* CustomSelfSizingContentViewController.swift */,
				A6725567271788210085346B /* FlowLayoutViewController.swift */,
				BACF3E8B23DBB8DC0001CCD1 /* ShuffleViewController.swift */,
				A6725569271788210085346B /* TextFieldViewController.swift */,
			);
			path = CollectionView;
			sourceTree = "<group>";
		};
		A6990DBE25633C8C00689965 /* Frameworks */ = {
			isa = PBXGroup;
			children = (
			);
			name = Frameworks;
			sourceTree = "<group>";
		};
		A6F0928D25B9EC8B007D902B /* Readme */ = {
			isa = PBXGroup;
			children = (
				A6F0928E25B9ECC6007D902B /* ReadmeExamplesViewController.swift */,
				A6358A3925C4E4AE007051D5 /* PresentationViewController.swift */,
				A6F0929225B9ED0C007D902B /* CounterViewController.swift */,
				A6F0929525B9EEF3007D902B /* BottomButtonViewController.swift */,
				A6F0929C25B9EFB9007D902B /* FormNavigationController.swift */,
				A61AFF5E2602B99E005356A8 /* TapMeViewController.swift */,
				25D39B6326278DD900B3DBF9 /* LayoutGroupsExampleViewController.swift */,
				A67255772718DAFA0085346B /* UIViewController+ReadmeExample.swift */,
			);
			path = Readme;
			sourceTree = "<group>";
		};
/* End PBXGroup section */

/* Begin PBXNativeTarget section */
		25627B8E232ABF0E00D7327A /* EpoxyExample */ = {
			isa = PBXNativeTarget;
			buildConfigurationList = 25627BAC232ABF1100D7327A /* Build configuration list for PBXNativeTarget "EpoxyExample" */;
			buildPhases = (
				25627B8B232ABF0E00D7327A /* Sources */,
				25627B8C232ABF0E00D7327A /* Frameworks */,
				25627B8D232ABF0E00D7327A /* Resources */,
			);
			buildRules = (
			);
			dependencies = (
			);
			name = EpoxyExample;
			packageProductDependencies = (
				A6990DCB25633D8600689965 /* Epoxy */,
			);
			productName = EpoxyExample;
			productReference = 25627B8F232ABF0E00D7327A /* EpoxyExample.app */;
			productType = "com.apple.product-type.application";
		};
/* End PBXNativeTarget section */

/* Begin PBXProject section */
		25627B87232ABF0E00D7327A /* Project object */ = {
			isa = PBXProject;
			attributes = {
				LastSwiftUpdateCheck = 1030;
				LastUpgradeCheck = 1220;
				ORGANIZATIONNAME = Airbnb;
				TargetAttributes = {
					25627B8E232ABF0E00D7327A = {
						CreatedOnToolsVersion = 10.3;
					};
				};
			};
			buildConfigurationList = 25627B8A232ABF0E00D7327A /* Build configuration list for PBXProject "EpoxyExample" */;
			compatibilityVersion = "Xcode 9.3";
			developmentRegion = en;
			hasScannedForEncodings = 0;
			knownRegions = (
				en,
				Base,
			);
			mainGroup = 25627B86232ABF0E00D7327A;
			productRefGroup = 25627B90232ABF0E00D7327A /* Products */;
			projectDirPath = "";
			projectRoot = "";
			targets = (
				25627B8E232ABF0E00D7327A /* EpoxyExample */,
			);
		};
/* End PBXProject section */

/* Begin PBXResourcesBuildPhase section */
		25627B8D232ABF0E00D7327A /* Resources */ = {
			isa = PBXResourcesBuildPhase;
			buildActionMask = 2147483647;
			files = (
				25627B9D232ABF1100D7327A /* LaunchScreen.storyboard in Resources */,
				25627B9A232ABF1000D7327A /* Assets.xcassets in Resources */,
			);
			runOnlyForDeploymentPostprocessing = 0;
		};
/* End PBXResourcesBuildPhase section */

/* Begin PBXSourcesBuildPhase section */
		25627B8B232ABF0E00D7327A /* Sources */ = {
			isa = PBXSourcesBuildPhase;
			buildActionMask = 2147483647;
			files = (
				25D39B3B26277F0D00B3DBF9 /* TextRowExampleViewController.swift in Sources */,
				A633B24625B6507A0095E464 /* ImageMarquee.swift in Sources */,
				25D39B542627809D00B3DBF9 /* MessageRowStackView.swift in Sources */,
				A5AD02A72637CBF9007261BC /* TextFieldRow.swift in Sources */,
				BACF3E8C23DBB8DC0001CCD1 /* ShuffleViewController.swift in Sources */,
				25627B93232ABF0F00D7327A /* AppDelegate.swift in Sources */,
				25B6766825AFA67100C00B20 /* ButtonRow.swift in Sources */,
				A6F0929325B9ED0C007D902B /* CounterViewController.swift in Sources */,
				25D39B502627809D00B3DBF9 /* BaseRow.swift in Sources */,
				25D39B4B2627809D00B3DBF9 /* MessageRow.swift in Sources */,
				25F71A9C273D9855004D30CE /* DynamicLayoutGroupsViewController.swift in Sources */,
				A61AFF5F2602B99E005356A8 /* TapMeViewController.swift in Sources */,
				A6F0928B25B9E983007D902B /* TextRow.swift in Sources */,
				25D39B522627809D00B3DBF9 /* ImageView.swift in Sources */,
				A67255722718C8E40085346B /* UIViewController+LayoutGroupsExample.swift in Sources */,
				25D39B4C2627809D00B3DBF9 /* ColorsRow.swift in Sources */,
				25F71A9E273D990E004D30CE /* DynamicRow.swift in Sources */,
				25D39B532627809D00B3DBF9 /* Button.swift in Sources */,
				25D39B4F2627809D00B3DBF9 /* Label.swift in Sources */,
				25B6766525AE8BEA00C00B20 /* UIImageView+RemoteImage.swift in Sources */,
				A6F0929625B9EEF3007D902B /* BottomButtonViewController.swift in Sources */,
				A6358A3A25C4E4AE007051D5 /* PresentationViewController.swift in Sources */,
				2518441C25B8E38A000B801F /* ColorView.swift in Sources */,
				A672556E271788210085346B /* CompositionalLayoutViewController.swift in Sources */,
				2E8B007623F47E7E00D82A31 /* CustomSizingView.swift in Sources */,
				25D39B3926277F0D00B3DBF9 /* MessagesViewController.swift in Sources */,
				A672556B271788210085346B /* FlowLayoutViewController.swift in Sources */,
				25D39B5C262789E000B3DBF9 /* AlignableTextRow.swift in Sources */,
				25D39B3626277F0D00B3DBF9 /* ColorsViewController.swift in Sources */,
				25B6765F25AE883700C00B20 /* ProductViewController.swift in Sources */,
				A61AFF632602BA2B005356A8 /* NavigationWrapperViewController.swift in Sources */,
				25D39B3726277F0D00B3DBF9 /* LayoutGroupsReadmeExamplesViewController.swift in Sources */,
				25D39B3A26277F0D00B3DBF9 /* EntirelyInlineViewController.swift in Sources */,
				A67255782718DAFA0085346B /* UIViewController+ReadmeExample.swift in Sources */,
				A6F0928F25B9ECC6007D902B /* ReadmeExamplesViewController.swift in Sources */,
				25D39B4D2627809D00B3DBF9 /* IconRow.swift in Sources */,
				25D39B3226277F0D00B3DBF9 /* MessagesUIStackViewViewController.swift in Sources */,
				A672556D271788210085346B /* TextFieldViewController.swift in Sources */,
				25D39B5F26278B1700B3DBF9 /* LayoutGroupsExample.swift in Sources */,
				25FEB79225AE431100F8EFBD /* MainViewController.swift in Sources */,
				A667554425D3028D00AC4FC8 /* CardStackViewController.swift in Sources */,
				25B6766225AE898B00C00B20 /* ImageRow.swift in Sources */,
				25D39B3826277F0D00B3DBF9 /* TodoListViewController.swift in Sources */,
				A672556C271788210085346B /* CustomSelfSizingContentViewController.swift in Sources */,
				A633B24025B6494D0095E464 /* BeloIpsum.swift in Sources */,
				A6F0929D25B9EFB9007D902B /* FormNavigationController.swift in Sources */,
				A67255632717874A0085346B /* SwiftUIInEpoxyViewController.swift in Sources */,
				A61AFF592602B86E005356A8 /* Example.swift in Sources */,
				A61AFF5C2602B8D7005356A8 /* ReadmeExample.swift in Sources */,
				A67255622717874A0085346B /* EpoxyInSwiftUIViewController.swift in Sources */,
				25D39B6426278DD900B3DBF9 /* LayoutGroupsExampleViewController.swift in Sources */,
				25D39B3426277F0D00B3DBF9 /* ComplexDeclarativeViewController.swift in Sources */,
				25D39B552627809D00B3DBF9 /* ActionButtonRow.swift in Sources */,
				25D39B4E2627809D00B3DBF9 /* CheckboxRow.swift in Sources */,
				259863A225AE47710065024B /* UICollectionViewCompositionalLayout+List.swift in Sources */,
				A667554125D2FEC400AC4FC8 /* CardContainer.swift in Sources */,
			);
			runOnlyForDeploymentPostprocessing = 0;
		};
/* End PBXSourcesBuildPhase section */

/* Begin PBXVariantGroup section */
		25627B9B232ABF1100D7327A /* LaunchScreen.storyboard */ = {
			isa = PBXVariantGroup;
			children = (
				25627B9C232ABF1100D7327A /* Base */,
			);
			name = LaunchScreen.storyboard;
			sourceTree = "<group>";
		};
/* End PBXVariantGroup section */

/* Begin XCBuildConfiguration section */
		25627BAA232ABF1100D7327A /* Debug */ = {
			isa = XCBuildConfiguration;
			buildSettings = {
				ALWAYS_SEARCH_USER_PATHS = NO;
				CLANG_ANALYZER_NONNULL = YES;
				CLANG_ANALYZER_NUMBER_OBJECT_CONVERSION = YES_AGGRESSIVE;
				CLANG_CXX_LANGUAGE_STANDARD = "gnu++14";
				CLANG_CXX_LIBRARY = "libc++";
				CLANG_ENABLE_MODULES = YES;
				CLANG_ENABLE_OBJC_ARC = YES;
				CLANG_ENABLE_OBJC_WEAK = YES;
				CLANG_WARN_BLOCK_CAPTURE_AUTORELEASING = YES;
				CLANG_WARN_BOOL_CONVERSION = YES;
				CLANG_WARN_COMMA = YES;
				CLANG_WARN_CONSTANT_CONVERSION = YES;
				CLANG_WARN_DEPRECATED_OBJC_IMPLEMENTATIONS = YES;
				CLANG_WARN_DIRECT_OBJC_ISA_USAGE = YES_ERROR;
				CLANG_WARN_DOCUMENTATION_COMMENTS = YES;
				CLANG_WARN_EMPTY_BODY = YES;
				CLANG_WARN_ENUM_CONVERSION = YES;
				CLANG_WARN_INFINITE_RECURSION = YES;
				CLANG_WARN_INT_CONVERSION = YES;
				CLANG_WARN_NON_LITERAL_NULL_CONVERSION = YES;
				CLANG_WARN_OBJC_IMPLICIT_RETAIN_SELF = YES;
				CLANG_WARN_OBJC_LITERAL_CONVERSION = YES;
				CLANG_WARN_OBJC_ROOT_CLASS = YES_ERROR;
				CLANG_WARN_QUOTED_INCLUDE_IN_FRAMEWORK_HEADER = YES;
				CLANG_WARN_RANGE_LOOP_ANALYSIS = YES;
				CLANG_WARN_STRICT_PROTOTYPES = YES;
				CLANG_WARN_SUSPICIOUS_MOVE = YES;
				CLANG_WARN_UNGUARDED_AVAILABILITY = YES_AGGRESSIVE;
				CLANG_WARN_UNREACHABLE_CODE = YES;
				CLANG_WARN__DUPLICATE_METHOD_MATCH = YES;
				CODE_SIGN_IDENTITY = "iPhone Developer";
				COPY_PHASE_STRIP = NO;
				DEBUG_INFORMATION_FORMAT = dwarf;
				ENABLE_STRICT_OBJC_MSGSEND = YES;
				ENABLE_TESTABILITY = YES;
				GCC_C_LANGUAGE_STANDARD = gnu11;
				GCC_DYNAMIC_NO_PIC = NO;
				GCC_NO_COMMON_BLOCKS = YES;
				GCC_OPTIMIZATION_LEVEL = 0;
				GCC_PREPROCESSOR_DEFINITIONS = (
					"DEBUG=1",
					"$(inherited)",
				);
				GCC_WARN_64_TO_32_BIT_CONVERSION = YES;
				GCC_WARN_ABOUT_RETURN_TYPE = YES_ERROR;
				GCC_WARN_UNDECLARED_SELECTOR = YES;
				GCC_WARN_UNINITIALIZED_AUTOS = YES_AGGRESSIVE;
				GCC_WARN_UNUSED_FUNCTION = YES;
				GCC_WARN_UNUSED_VARIABLE = YES;
				IPHONEOS_DEPLOYMENT_TARGET = 14.1;
				MTL_ENABLE_DEBUG_INFO = INCLUDE_SOURCE;
				MTL_FAST_MATH = YES;
				ONLY_ACTIVE_ARCH = YES;
				SDKROOT = iphoneos;
				SWIFT_ACTIVE_COMPILATION_CONDITIONS = DEBUG;
				SWIFT_OPTIMIZATION_LEVEL = "-Onone";
			};
			name = Debug;
		};
		25627BAB232ABF1100D7327A /* Release */ = {
			isa = XCBuildConfiguration;
			buildSettings = {
				ALWAYS_SEARCH_USER_PATHS = NO;
				CLANG_ANALYZER_NONNULL = YES;
				CLANG_ANALYZER_NUMBER_OBJECT_CONVERSION = YES_AGGRESSIVE;
				CLANG_CXX_LANGUAGE_STANDARD = "gnu++14";
				CLANG_CXX_LIBRARY = "libc++";
				CLANG_ENABLE_MODULES = YES;
				CLANG_ENABLE_OBJC_ARC = YES;
				CLANG_ENABLE_OBJC_WEAK = YES;
				CLANG_WARN_BLOCK_CAPTURE_AUTORELEASING = YES;
				CLANG_WARN_BOOL_CONVERSION = YES;
				CLANG_WARN_COMMA = YES;
				CLANG_WARN_CONSTANT_CONVERSION = YES;
				CLANG_WARN_DEPRECATED_OBJC_IMPLEMENTATIONS = YES;
				CLANG_WARN_DIRECT_OBJC_ISA_USAGE = YES_ERROR;
				CLANG_WARN_DOCUMENTATION_COMMENTS = YES;
				CLANG_WARN_EMPTY_BODY = YES;
				CLANG_WARN_ENUM_CONVERSION = YES;
				CLANG_WARN_INFINITE_RECURSION = YES;
				CLANG_WARN_INT_CONVERSION = YES;
				CLANG_WARN_NON_LITERAL_NULL_CONVERSION = YES;
				CLANG_WARN_OBJC_IMPLICIT_RETAIN_SELF = YES;
				CLANG_WARN_OBJC_LITERAL_CONVERSION = YES;
				CLANG_WARN_OBJC_ROOT_CLASS = YES_ERROR;
				CLANG_WARN_QUOTED_INCLUDE_IN_FRAMEWORK_HEADER = YES;
				CLANG_WARN_RANGE_LOOP_ANALYSIS = YES;
				CLANG_WARN_STRICT_PROTOTYPES = YES;
				CLANG_WARN_SUSPICIOUS_MOVE = YES;
				CLANG_WARN_UNGUARDED_AVAILABILITY = YES_AGGRESSIVE;
				CLANG_WARN_UNREACHABLE_CODE = YES;
				CLANG_WARN__DUPLICATE_METHOD_MATCH = YES;
				CODE_SIGN_IDENTITY = "iPhone Developer";
				COPY_PHASE_STRIP = NO;
				DEBUG_INFORMATION_FORMAT = "dwarf-with-dsym";
				ENABLE_NS_ASSERTIONS = NO;
				ENABLE_STRICT_OBJC_MSGSEND = YES;
				GCC_C_LANGUAGE_STANDARD = gnu11;
				GCC_NO_COMMON_BLOCKS = YES;
				GCC_WARN_64_TO_32_BIT_CONVERSION = YES;
				GCC_WARN_ABOUT_RETURN_TYPE = YES_ERROR;
				GCC_WARN_UNDECLARED_SELECTOR = YES;
				GCC_WARN_UNINITIALIZED_AUTOS = YES_AGGRESSIVE;
				GCC_WARN_UNUSED_FUNCTION = YES;
				GCC_WARN_UNUSED_VARIABLE = YES;
				IPHONEOS_DEPLOYMENT_TARGET = 14.1;
				MTL_ENABLE_DEBUG_INFO = NO;
				MTL_FAST_MATH = YES;
				SDKROOT = iphoneos;
				SWIFT_COMPILATION_MODE = wholemodule;
				SWIFT_OPTIMIZATION_LEVEL = "-O";
				VALIDATE_PRODUCT = YES;
			};
			name = Release;
		};
		25627BAD232ABF1100D7327A /* Debug */ = {
			isa = XCBuildConfiguration;
			buildSettings = {
				ASSETCATALOG_COMPILER_APPICON_NAME = AppIcon;
				CODE_SIGN_STYLE = Automatic;
				DEVELOPMENT_TEAM = "";
				INFOPLIST_FILE = EpoxyExample/Assets/Info.plist;
				IPHONEOS_DEPLOYMENT_TARGET = 14.1;
				LD_RUNPATH_SEARCH_PATHS = (
					"$(inherited)",
					"@executable_path/Frameworks",
				);
				PRODUCT_BUNDLE_IDENTIFIER = com.airbnb.EpoxyExample;
				PRODUCT_NAME = "$(TARGET_NAME)";
				SWIFT_VERSION = 5.0;
				TARGETED_DEVICE_FAMILY = "1,2";
			};
			name = Debug;
		};
		25627BAE232ABF1100D7327A /* Release */ = {
			isa = XCBuildConfiguration;
			buildSettings = {
				ASSETCATALOG_COMPILER_APPICON_NAME = AppIcon;
				CODE_SIGN_STYLE = Automatic;
				DEVELOPMENT_TEAM = "";
				INFOPLIST_FILE = EpoxyExample/Assets/Info.plist;
				IPHONEOS_DEPLOYMENT_TARGET = 14.1;
				LD_RUNPATH_SEARCH_PATHS = (
					"$(inherited)",
					"@executable_path/Frameworks",
				);
				PRODUCT_BUNDLE_IDENTIFIER = com.airbnb.EpoxyExample;
				PRODUCT_NAME = "$(TARGET_NAME)";
				SWIFT_VERSION = 5.0;
				TARGETED_DEVICE_FAMILY = "1,2";
			};
			name = Release;
		};
/* End XCBuildConfiguration section */

/* Begin XCConfigurationList section */
		25627B8A232ABF0E00D7327A /* Build configuration list for PBXProject "EpoxyExample" */ = {
			isa = XCConfigurationList;
			buildConfigurations = (
				25627BAA232ABF1100D7327A /* Debug */,
				25627BAB232ABF1100D7327A /* Release */,
			);
			defaultConfigurationIsVisible = 0;
			defaultConfigurationName = Release;
		};
		25627BAC232ABF1100D7327A /* Build configuration list for PBXNativeTarget "EpoxyExample" */ = {
			isa = XCConfigurationList;
			buildConfigurations = (
				25627BAD232ABF1100D7327A /* Debug */,
				25627BAE232ABF1100D7327A /* Release */,
			);
			defaultConfigurationIsVisible = 0;
			defaultConfigurationName = Release;
		};
/* End XCConfigurationList section */

/* Begin XCSwiftPackageProductDependency section */
		A6990DCB25633D8600689965 /* Epoxy */ = {
			isa = XCSwiftPackageProductDependency;
			productName = Epoxy;
		};
/* End XCSwiftPackageProductDependency section */
	};
	rootObject = 25627B87232ABF0E00D7327A /* Project object */;
}
