// !$*UTF8*$!
{
	archiveVersion = 1;
	classes = {
	};
	objectVersion = 56;
	objects = {

/* Begin PBXBuildFile section */
		08E2E9422A4CD54A00B47A18 /* EpoxyLogger.swift in Sources */ = {isa = PBXBuildFile; fileRef = 08E2E9102A4CD54A00B47A18 /* EpoxyLogger.swift */; };
		08E2E9432A4CD54A00B47A18 /* EpoxyModelStorage.swift in Sources */ = {isa = PBXBuildFile; fileRef = 08E2E9122A4CD54A00B47A18 /* EpoxyModelStorage.swift */; };
		08E2E9442A4CD54A00B47A18 /* CallbackContextEpoxyModeled.swift in Sources */ = {isa = PBXBuildFile; fileRef = 08E2E9132A4CD54A00B47A18 /* CallbackContextEpoxyModeled.swift */; };
		08E2E9452A4CD54A00B47A18 /* ViewDifferentiatorProviding.swift in Sources */ = {isa = PBXBuildFile; fileRef = 08E2E9152A4CD54A00B47A18 /* ViewDifferentiatorProviding.swift */; };
		08E2E9462A4CD54A00B47A18 /* SetContentProviding.swift in Sources */ = {isa = PBXBuildFile; fileRef = 08E2E9162A4CD54A00B47A18 /* SetContentProviding.swift */; };
		08E2E9472A4CD54A00B47A18 /* DidSelectProviding.swift in Sources */ = {isa = PBXBuildFile; fileRef = 08E2E9172A4CD54A00B47A18 /* DidSelectProviding.swift */; };
		08E2E9482A4CD54A00B47A18 /* DidEndDisplayingProviding.swift in Sources */ = {isa = PBXBuildFile; fileRef = 08E2E9182A4CD54A00B47A18 /* DidEndDisplayingProviding.swift */; };
		08E2E9492A4CD54A00B47A18 /* WillDisplayProviding.swift in Sources */ = {isa = PBXBuildFile; fileRef = 08E2E9192A4CD54A00B47A18 /* WillDisplayProviding.swift */; };
		08E2E94A2A4CD54A00B47A18 /* ErasedContentProviding.swift in Sources */ = {isa = PBXBuildFile; fileRef = 08E2E91A2A4CD54A00B47A18 /* ErasedContentProviding.swift */; };
		08E2E94B2A4CD54A00B47A18 /* MakeViewProviding.swift in Sources */ = {isa = PBXBuildFile; fileRef = 08E2E91B2A4CD54A00B47A18 /* MakeViewProviding.swift */; };
		08E2E94C2A4CD54A00B47A18 /* TraitCollectionProviding.swift in Sources */ = {isa = PBXBuildFile; fileRef = 08E2E91C2A4CD54A00B47A18 /* TraitCollectionProviding.swift */; };
		08E2E94D2A4CD54A00B47A18 /* ViewProviding.swift in Sources */ = {isa = PBXBuildFile; fileRef = 08E2E91D2A4CD54A00B47A18 /* ViewProviding.swift */; };
		08E2E94E2A4CD54A00B47A18 /* SetBehaviorsProviding.swift in Sources */ = {isa = PBXBuildFile; fileRef = 08E2E91E2A4CD54A00B47A18 /* SetBehaviorsProviding.swift */; };
		08E2E94F2A4CD54A00B47A18 /* StyleIDProviding.swift in Sources */ = {isa = PBXBuildFile; fileRef = 08E2E91F2A4CD54A00B47A18 /* StyleIDProviding.swift */; };
		08E2E9502A4CD54A00B47A18 /* DidDisplayProviding.swift in Sources */ = {isa = PBXBuildFile; fileRef = 08E2E9202A4CD54A00B47A18 /* DidDisplayProviding.swift */; };
		08E2E9512A4CD54A00B47A18 /* AnimatedProviding.swift in Sources */ = {isa = PBXBuildFile; fileRef = 08E2E9212A4CD54A00B47A18 /* AnimatedProviding.swift */; };
		08E2E9522A4CD54A00B47A18 /* DataIDProviding.swift in Sources */ = {isa = PBXBuildFile; fileRef = 08E2E9222A4CD54A00B47A18 /* DataIDProviding.swift */; };
		08E2E9532A4CD54A00B47A18 /* ViewEpoxyModeled.swift in Sources */ = {isa = PBXBuildFile; fileRef = 08E2E9232A4CD54A00B47A18 /* ViewEpoxyModeled.swift */; };
		08E2E9542A4CD54A00B47A18 /* ClassReference.swift in Sources */ = {isa = PBXBuildFile; fileRef = 08E2E9252A4CD54A00B47A18 /* ClassReference.swift */; };
		08E2E9552A4CD54A00B47A18 /* AnyEpoxyModelProperty.swift in Sources */ = {isa = PBXBuildFile; fileRef = 08E2E9262A4CD54A00B47A18 /* AnyEpoxyModelProperty.swift */; };
		08E2E9562A4CD54A00B47A18 /* EpoxyModelProperty.swift in Sources */ = {isa = PBXBuildFile; fileRef = 08E2E9272A4CD54A00B47A18 /* EpoxyModelProperty.swift */; };
		08E2E9572A4CD54A00B47A18 /* EpoxyModelArrayBuilder.swift in Sources */ = {isa = PBXBuildFile; fileRef = 08E2E9282A4CD54A00B47A18 /* EpoxyModelArrayBuilder.swift */; };
		08E2E9582A4CD54A00B47A18 /* EpoxyModeled.swift in Sources */ = {isa = PBXBuildFile; fileRef = 08E2E9292A4CD54A00B47A18 /* EpoxyModeled.swift */; };
		08E2E9592A4CD54A00B47A18 /* IndexChangeset.swift in Sources */ = {isa = PBXBuildFile; fileRef = 08E2E92B2A4CD54A00B47A18 /* IndexChangeset.swift */; };
		08E2E95A2A4CD54A00B47A18 /* SectionedChangeset.swift in Sources */ = {isa = PBXBuildFile; fileRef = 08E2E92C2A4CD54A00B47A18 /* SectionedChangeset.swift */; };
		08E2E95B2A4CD54A00B47A18 /* Collection+Diff.swift in Sources */ = {isa = PBXBuildFile; fileRef = 08E2E92D2A4CD54A00B47A18 /* Collection+Diff.swift */; };
		08E2E95C2A4CD54A00B47A18 /* DiffableSection.swift in Sources */ = {isa = PBXBuildFile; fileRef = 08E2E92E2A4CD54A00B47A18 /* DiffableSection.swift */; };
		08E2E95D2A4CD54A00B47A18 /* Diffable.swift in Sources */ = {isa = PBXBuildFile; fileRef = 08E2E92F2A4CD54A00B47A18 /* Diffable.swift */; };
		08E2E95E2A4CD54A00B47A18 /* StyledView.swift in Sources */ = {isa = PBXBuildFile; fileRef = 08E2E9312A4CD54A00B47A18 /* StyledView.swift */; };
		08E2E95F2A4CD54A00B47A18 /* ContentConfigurableView.swift in Sources */ = {isa = PBXBuildFile; fileRef = 08E2E9322A4CD54A00B47A18 /* ContentConfigurableView.swift */; };
		08E2E9602A4CD54A00B47A18 /* EpoxyableView.swift in Sources */ = {isa = PBXBuildFile; fileRef = 08E2E9332A4CD54A00B47A18 /* EpoxyableView.swift */; };
		08E2E9612A4CD54A00B47A18 /* ViewType.swift in Sources */ = {isa = PBXBuildFile; fileRef = 08E2E9342A4CD54A00B47A18 /* ViewType.swift */; };
		08E2E9622A4CD54A00B47A18 /* BehaviorsConfigurableView.swift in Sources */ = {isa = PBXBuildFile; fileRef = 08E2E9352A4CD54A00B47A18 /* BehaviorsConfigurableView.swift */; };
		08E2E9632A4CD54A00B47A18 /* UIViewConfiguringSwiftUIView.swift in Sources */ = {isa = PBXBuildFile; fileRef = 08E2E9372A4CD54A00B47A18 /* UIViewConfiguringSwiftUIView.swift */; };
		08E2E9642A4CD54A00B47A18 /* EpoxySwiftUILayoutMargins.swift in Sources */ = {isa = PBXBuildFile; fileRef = 08E2E9382A4CD54A00B47A18 /* EpoxySwiftUILayoutMargins.swift */; };
		08E2E9652A4CD54A00B47A18 /* EpoxySwiftUIIntrinsicContentSizeInvalidator.swift in Sources */ = {isa = PBXBuildFile; fileRef = 08E2E9392A4CD54A00B47A18 /* EpoxySwiftUIIntrinsicContentSizeInvalidator.swift */; };
		08E2E9662A4CD54A00B47A18 /* SwiftUIUIView.swift in Sources */ = {isa = PBXBuildFile; fileRef = 08E2E93A2A4CD54A00B47A18 /* SwiftUIUIView.swift */; };
		08E2E9672A4CD54A00B47A18 /* EpoxyableView+SwiftUIView.swift in Sources */ = {isa = PBXBuildFile; fileRef = 08E2E93B2A4CD54A00B47A18 /* EpoxyableView+SwiftUIView.swift */; };
		08E2E9682A4CD54A00B47A18 /* MeasuringUIViewRepresentable.swift in Sources */ = {isa = PBXBuildFile; fileRef = 08E2E93D2A4CD54A00B47A18 /* MeasuringUIViewRepresentable.swift */; };
		08E2E9692A4CD54A00B47A18 /* SwiftUIMeasurementContainer.swift in Sources */ = {isa = PBXBuildFile; fileRef = 08E2E93E2A4CD54A00B47A18 /* SwiftUIMeasurementContainer.swift */; };
		08E2E96A2A4CD54A00B47A18 /* EpoxySwiftUIHostingController.swift in Sources */ = {isa = PBXBuildFile; fileRef = 08E2E93F2A4CD54A00B47A18 /* EpoxySwiftUIHostingController.swift */; };
		08E2E96B2A4CD54A00B47A18 /* UIView+SwiftUIView.swift in Sources */ = {isa = PBXBuildFile; fileRef = 08E2E9402A4CD54A00B47A18 /* UIView+SwiftUIView.swift */; };
		08E2E96C2A4CD54A00B47A18 /* EpoxySwiftUIHostingView.swift in Sources */ = {isa = PBXBuildFile; fileRef = 08E2E9412A4CD54A00B47A18 /* EpoxySwiftUIHostingView.swift */; };
/* End PBXBuildFile section */

/* Begin PBXFileReference section */
		08E2E9052A4CD50700B47A18 /* EpoxyCore.framework */ = {isa = PBXFileReference; explicitFileType = wrapper.framework; includeInIndex = 0; path = EpoxyCore.framework; sourceTree = BUILT_PRODUCTS_DIR; };
		08E2E9102A4CD54A00B47A18 /* EpoxyLogger.swift */ = {isa = PBXFileReference; fileEncoding = 4; lastKnownFileType = sourcecode.swift; path = EpoxyLogger.swift; sourceTree = "<group>"; };
		08E2E9122A4CD54A00B47A18 /* EpoxyModelStorage.swift */ = {isa = PBXFileReference; fileEncoding = 4; lastKnownFileType = sourcecode.swift; path = EpoxyModelStorage.swift; sourceTree = "<group>"; };
		08E2E9132A4CD54A00B47A18 /* CallbackContextEpoxyModeled.swift */ = {isa = PBXFileReference; fileEncoding = 4; lastKnownFileType = sourcecode.swift; path = CallbackContextEpoxyModeled.swift; sourceTree = "<group>"; };
		08E2E9152A4CD54A00B47A18 /* ViewDifferentiatorProviding.swift */ = {isa = PBXFileReference; fileEncoding = 4; lastKnownFileType = sourcecode.swift; path = ViewDifferentiatorProviding.swift; sourceTree = "<group>"; };
		08E2E9162A4CD54A00B47A18 /* SetContentProviding.swift */ = {isa = PBXFileReference; fileEncoding = 4; lastKnownFileType = sourcecode.swift; path = SetContentProviding.swift; sourceTree = "<group>"; };
		08E2E9172A4CD54A00B47A18 /* DidSelectProviding.swift */ = {isa = PBXFileReference; fileEncoding = 4; lastKnownFileType = sourcecode.swift; path = DidSelectProviding.swift; sourceTree = "<group>"; };
		08E2E9182A4CD54A00B47A18 /* DidEndDisplayingProviding.swift */ = {isa = PBXFileReference; fileEncoding = 4; lastKnownFileType = sourcecode.swift; path = DidEndDisplayingProviding.swift; sourceTree = "<group>"; };
		08E2E9192A4CD54A00B47A18 /* WillDisplayProviding.swift */ = {isa = PBXFileReference; fileEncoding = 4; lastKnownFileType = sourcecode.swift; path = WillDisplayProviding.swift; sourceTree = "<group>"; };
		08E2E91A2A4CD54A00B47A18 /* ErasedContentProviding.swift */ = {isa = PBXFileReference; fileEncoding = 4; lastKnownFileType = sourcecode.swift; path = ErasedContentProviding.swift; sourceTree = "<group>"; };
		08E2E91B2A4CD54A00B47A18 /* MakeViewProviding.swift */ = {isa = PBXFileReference; fileEncoding = 4; lastKnownFileType = sourcecode.swift; path = MakeViewProviding.swift; sourceTree = "<group>"; };
		08E2E91C2A4CD54A00B47A18 /* TraitCollectionProviding.swift */ = {isa = PBXFileReference; fileEncoding = 4; lastKnownFileType = sourcecode.swift; path = TraitCollectionProviding.swift; sourceTree = "<group>"; };
		08E2E91D2A4CD54A00B47A18 /* ViewProviding.swift */ = {isa = PBXFileReference; fileEncoding = 4; lastKnownFileType = sourcecode.swift; path = ViewProviding.swift; sourceTree = "<group>"; };
		08E2E91E2A4CD54A00B47A18 /* SetBehaviorsProviding.swift */ = {isa = PBXFileReference; fileEncoding = 4; lastKnownFileType = sourcecode.swift; path = SetBehaviorsProviding.swift; sourceTree = "<group>"; };
		08E2E91F2A4CD54A00B47A18 /* StyleIDProviding.swift */ = {isa = PBXFileReference; fileEncoding = 4; lastKnownFileType = sourcecode.swift; path = StyleIDProviding.swift; sourceTree = "<group>"; };
		08E2E9202A4CD54A00B47A18 /* DidDisplayProviding.swift */ = {isa = PBXFileReference; fileEncoding = 4; lastKnownFileType = sourcecode.swift; path = DidDisplayProviding.swift; sourceTree = "<group>"; };
		08E2E9212A4CD54A00B47A18 /* AnimatedProviding.swift */ = {isa = PBXFileReference; fileEncoding = 4; lastKnownFileType = sourcecode.swift; path = AnimatedProviding.swift; sourceTree = "<group>"; };
		08E2E9222A4CD54A00B47A18 /* DataIDProviding.swift */ = {isa = PBXFileReference; fileEncoding = 4; lastKnownFileType = sourcecode.swift; path = DataIDProviding.swift; sourceTree = "<group>"; };
		08E2E9232A4CD54A00B47A18 /* ViewEpoxyModeled.swift */ = {isa = PBXFileReference; fileEncoding = 4; lastKnownFileType = sourcecode.swift; path = ViewEpoxyModeled.swift; sourceTree = "<group>"; };
		08E2E9252A4CD54A00B47A18 /* ClassReference.swift */ = {isa = PBXFileReference; fileEncoding = 4; lastKnownFileType = sourcecode.swift; path = ClassReference.swift; sourceTree = "<group>"; };
		08E2E9262A4CD54A00B47A18 /* AnyEpoxyModelProperty.swift */ = {isa = PBXFileReference; fileEncoding = 4; lastKnownFileType = sourcecode.swift; path = AnyEpoxyModelProperty.swift; sourceTree = "<group>"; };
		08E2E9272A4CD54A00B47A18 /* EpoxyModelProperty.swift */ = {isa = PBXFileReference; fileEncoding = 4; lastKnownFileType = sourcecode.swift; path = EpoxyModelProperty.swift; sourceTree = "<group>"; };
		08E2E9282A4CD54A00B47A18 /* EpoxyModelArrayBuilder.swift */ = {isa = PBXFileReference; fileEncoding = 4; lastKnownFileType = sourcecode.swift; path = EpoxyModelArrayBuilder.swift; sourceTree = "<group>"; };
		08E2E9292A4CD54A00B47A18 /* EpoxyModeled.swift */ = {isa = PBXFileReference; fileEncoding = 4; lastKnownFileType = sourcecode.swift; path = EpoxyModeled.swift; sourceTree = "<group>"; };
		08E2E92B2A4CD54A00B47A18 /* IndexChangeset.swift */ = {isa = PBXFileReference; fileEncoding = 4; lastKnownFileType = sourcecode.swift; path = IndexChangeset.swift; sourceTree = "<group>"; };
		08E2E92C2A4CD54A00B47A18 /* SectionedChangeset.swift */ = {isa = PBXFileReference; fileEncoding = 4; lastKnownFileType = sourcecode.swift; path = SectionedChangeset.swift; sourceTree = "<group>"; };
		08E2E92D2A4CD54A00B47A18 /* Collection+Diff.swift */ = {isa = PBXFileReference; fileEncoding = 4; lastKnownFileType = sourcecode.swift; path = "Collection+Diff.swift"; sourceTree = "<group>"; };
		08E2E92E2A4CD54A00B47A18 /* DiffableSection.swift */ = {isa = PBXFileReference; fileEncoding = 4; lastKnownFileType = sourcecode.swift; path = DiffableSection.swift; sourceTree = "<group>"; };
		08E2E92F2A4CD54A00B47A18 /* Diffable.swift */ = {isa = PBXFileReference; fileEncoding = 4; lastKnownFileType = sourcecode.swift; path = Diffable.swift; sourceTree = "<group>"; };
		08E2E9312A4CD54A00B47A18 /* StyledView.swift */ = {isa = PBXFileReference; fileEncoding = 4; lastKnownFileType = sourcecode.swift; path = StyledView.swift; sourceTree = "<group>"; };
		08E2E9322A4CD54A00B47A18 /* ContentConfigurableView.swift */ = {isa = PBXFileReference; fileEncoding = 4; lastKnownFileType = sourcecode.swift; path = ContentConfigurableView.swift; sourceTree = "<group>"; };
		08E2E9332A4CD54A00B47A18 /* EpoxyableView.swift */ = {isa = PBXFileReference; fileEncoding = 4; lastKnownFileType = sourcecode.swift; path = EpoxyableView.swift; sourceTree = "<group>"; };
		08E2E9342A4CD54A00B47A18 /* ViewType.swift */ = {isa = PBXFileReference; fileEncoding = 4; lastKnownFileType = sourcecode.swift; path = ViewType.swift; sourceTree = "<group>"; };
		08E2E9352A4CD54A00B47A18 /* BehaviorsConfigurableView.swift */ = {isa = PBXFileReference; fileEncoding = 4; lastKnownFileType = sourcecode.swift; path = BehaviorsConfigurableView.swift; sourceTree = "<group>"; };
		08E2E9372A4CD54A00B47A18 /* UIViewConfiguringSwiftUIView.swift */ = {isa = PBXFileReference; fileEncoding = 4; lastKnownFileType = sourcecode.swift; path = UIViewConfiguringSwiftUIView.swift; sourceTree = "<group>"; };
		08E2E9382A4CD54A00B47A18 /* EpoxySwiftUILayoutMargins.swift */ = {isa = PBXFileReference; fileEncoding = 4; lastKnownFileType = sourcecode.swift; path = EpoxySwiftUILayoutMargins.swift; sourceTree = "<group>"; };
		08E2E9392A4CD54A00B47A18 /* EpoxySwiftUIIntrinsicContentSizeInvalidator.swift */ = {isa = PBXFileReference; fileEncoding = 4; lastKnownFileType = sourcecode.swift; path = EpoxySwiftUIIntrinsicContentSizeInvalidator.swift; sourceTree = "<group>"; };
		08E2E93A2A4CD54A00B47A18 /* SwiftUIUIView.swift */ = {isa = PBXFileReference; fileEncoding = 4; lastKnownFileType = sourcecode.swift; path = SwiftUIUIView.swift; sourceTree = "<group>"; };
		08E2E93B2A4CD54A00B47A18 /* EpoxyableView+SwiftUIView.swift */ = {isa = PBXFileReference; fileEncoding = 4; lastKnownFileType = sourcecode.swift; path = "EpoxyableView+SwiftUIView.swift"; sourceTree = "<group>"; };
		08E2E93D2A4CD54A00B47A18 /* MeasuringUIViewRepresentable.swift */ = {isa = PBXFileReference; fileEncoding = 4; lastKnownFileType = sourcecode.swift; path = MeasuringUIViewRepresentable.swift; sourceTree = "<group>"; };
		08E2E93E2A4CD54A00B47A18 /* SwiftUIMeasurementContainer.swift */ = {isa = PBXFileReference; fileEncoding = 4; lastKnownFileType = sourcecode.swift; path = SwiftUIMeasurementContainer.swift; sourceTree = "<group>"; };
		08E2E93F2A4CD54A00B47A18 /* EpoxySwiftUIHostingController.swift */ = {isa = PBXFileReference; fileEncoding = 4; lastKnownFileType = sourcecode.swift; path = EpoxySwiftUIHostingController.swift; sourceTree = "<group>"; };
		08E2E9402A4CD54A00B47A18 /* UIView+SwiftUIView.swift */ = {isa = PBXFileReference; fileEncoding = 4; lastKnownFileType = sourcecode.swift; path = "UIView+SwiftUIView.swift"; sourceTree = "<group>"; };
		08E2E9412A4CD54A00B47A18 /* EpoxySwiftUIHostingView.swift */ = {isa = PBXFileReference; fileEncoding = 4; lastKnownFileType = sourcecode.swift; path = EpoxySwiftUIHostingView.swift; sourceTree = "<group>"; };
/* End PBXFileReference section */

/* Begin PBXFrameworksBuildPhase section */
		08E2E9022A4CD50700B47A18 /* Frameworks */ = {
			isa = PBXFrameworksBuildPhase;
			buildActionMask = 2147483647;
			files = (
			);
			runOnlyForDeploymentPostprocessing = 0;
		};
/* End PBXFrameworksBuildPhase section */

/* Begin PBXGroup section */
		08E2E8FB2A4CD50700B47A18 = {
			isa = PBXGroup;
			children = (
				08E2E92A2A4CD54A00B47A18 /* Diffing */,
				08E2E90F2A4CD54A00B47A18 /* Logging */,
				08E2E9112A4CD54A00B47A18 /* Model */,
				08E2E9362A4CD54A00B47A18 /* SwiftUI */,
				08E2E9302A4CD54A00B47A18 /* Views */,
				08E2E9062A4CD50700B47A18 /* Products */,
			);
			sourceTree = "<group>";
		};
		08E2E9062A4CD50700B47A18 /* Products */ = {
			isa = PBXGroup;
			children = (
				08E2E9052A4CD50700B47A18 /* EpoxyCore.framework */,
			);
			name = Products;
			sourceTree = "<group>";
		};
		08E2E90F2A4CD54A00B47A18 /* Logging */ = {
			isa = PBXGroup;
			children = (
				08E2E9102A4CD54A00B47A18 /* EpoxyLogger.swift */,
			);
			path = Logging;
			sourceTree = "<group>";
		};
		08E2E9112A4CD54A00B47A18 /* Model */ = {
			isa = PBXGroup;
			children = (
				08E2E9122A4CD54A00B47A18 /* EpoxyModelStorage.swift */,
				08E2E9132A4CD54A00B47A18 /* CallbackContextEpoxyModeled.swift */,
				08E2E9142A4CD54A00B47A18 /* Providers */,
				08E2E9232A4CD54A00B47A18 /* ViewEpoxyModeled.swift */,
				08E2E9242A4CD54A00B47A18 /* Internal */,
				08E2E9272A4CD54A00B47A18 /* EpoxyModelProperty.swift */,
				08E2E9282A4CD54A00B47A18 /* EpoxyModelArrayBuilder.swift */,
				08E2E9292A4CD54A00B47A18 /* EpoxyModeled.swift */,
			);
			path = Model;
			sourceTree = "<group>";
		};
		08E2E9142A4CD54A00B47A18 /* Providers */ = {
			isa = PBXGroup;
			children = (
				08E2E9152A4CD54A00B47A18 /* ViewDifferentiatorProviding.swift */,
				08E2E9162A4CD54A00B47A18 /* SetContentProviding.swift */,
				08E2E9172A4CD54A00B47A18 /* DidSelectProviding.swift */,
				08E2E9182A4CD54A00B47A18 /* DidEndDisplayingProviding.swift */,
				08E2E9192A4CD54A00B47A18 /* WillDisplayProviding.swift */,
				08E2E91A2A4CD54A00B47A18 /* ErasedContentProviding.swift */,
				08E2E91B2A4CD54A00B47A18 /* MakeViewProviding.swift */,
				08E2E91C2A4CD54A00B47A18 /* TraitCollectionProviding.swift */,
				08E2E91D2A4CD54A00B47A18 /* ViewProviding.swift */,
				08E2E91E2A4CD54A00B47A18 /* SetBehaviorsProviding.swift */,
				08E2E91F2A4CD54A00B47A18 /* StyleIDProviding.swift */,
				08E2E9202A4CD54A00B47A18 /* DidDisplayProviding.swift */,
				08E2E9212A4CD54A00B47A18 /* AnimatedProviding.swift */,
				08E2E9222A4CD54A00B47A18 /* DataIDProviding.swift */,
			);
			path = Providers;
			sourceTree = "<group>";
		};
		08E2E9242A4CD54A00B47A18 /* Internal */ = {
			isa = PBXGroup;
			children = (
				08E2E9252A4CD54A00B47A18 /* ClassReference.swift */,
				08E2E9262A4CD54A00B47A18 /* AnyEpoxyModelProperty.swift */,
			);
			path = Internal;
			sourceTree = "<group>";
		};
		08E2E92A2A4CD54A00B47A18 /* Diffing */ = {
			isa = PBXGroup;
			children = (
				08E2E92B2A4CD54A00B47A18 /* IndexChangeset.swift */,
				08E2E92C2A4CD54A00B47A18 /* SectionedChangeset.swift */,
				08E2E92D2A4CD54A00B47A18 /* Collection+Diff.swift */,
				08E2E92E2A4CD54A00B47A18 /* DiffableSection.swift */,
				08E2E92F2A4CD54A00B47A18 /* Diffable.swift */,
			);
			path = Diffing;
			sourceTree = "<group>";
		};
		08E2E9302A4CD54A00B47A18 /* Views */ = {
			isa = PBXGroup;
			children = (
				08E2E9312A4CD54A00B47A18 /* StyledView.swift */,
				08E2E9322A4CD54A00B47A18 /* ContentConfigurableView.swift */,
				08E2E9332A4CD54A00B47A18 /* EpoxyableView.swift */,
				08E2E9342A4CD54A00B47A18 /* ViewType.swift */,
				08E2E9352A4CD54A00B47A18 /* BehaviorsConfigurableView.swift */,
			);
			path = Views;
			sourceTree = "<group>";
		};
		08E2E9362A4CD54A00B47A18 /* SwiftUI */ = {
			isa = PBXGroup;
			children = (
				08E2E9372A4CD54A00B47A18 /* UIViewConfiguringSwiftUIView.swift */,
				08E2E9382A4CD54A00B47A18 /* EpoxySwiftUILayoutMargins.swift */,
				08E2E9392A4CD54A00B47A18 /* EpoxySwiftUIIntrinsicContentSizeInvalidator.swift */,
				08E2E93A2A4CD54A00B47A18 /* SwiftUIUIView.swift */,
				08E2E93B2A4CD54A00B47A18 /* EpoxyableView+SwiftUIView.swift */,
				08E2E93C2A4CD54A00B47A18 /* LayoutUtilities */,
				08E2E93F2A4CD54A00B47A18 /* EpoxySwiftUIHostingController.swift */,
				08E2E9402A4CD54A00B47A18 /* UIView+SwiftUIView.swift */,
				08E2E9412A4CD54A00B47A18 /* EpoxySwiftUIHostingView.swift */,
			);
			path = SwiftUI;
			sourceTree = "<group>";
		};
		08E2E93C2A4CD54A00B47A18 /* LayoutUtilities */ = {
			isa = PBXGroup;
			children = (
				08E2E93D2A4CD54A00B47A18 /* MeasuringUIViewRepresentable.swift */,
				08E2E93E2A4CD54A00B47A18 /* SwiftUIMeasurementContainer.swift */,
			);
			path = LayoutUtilities;
			sourceTree = "<group>";
		};
/* End PBXGroup section */

/* Begin PBXHeadersBuildPhase section */
		08E2E9002A4CD50700B47A18 /* Headers */ = {
			isa = PBXHeadersBuildPhase;
			buildActionMask = 2147483647;
			files = (
			);
			runOnlyForDeploymentPostprocessing = 0;
		};
/* End PBXHeadersBuildPhase section */

/* Begin PBXNativeTarget section */
		08E2E9042A4CD50700B47A18 /* EpoxyCore */ = {
			isa = PBXNativeTarget;
			buildConfigurationList = 08E2E90C2A4CD50700B47A18 /* Build configuration list for PBXNativeTarget "EpoxyCore" */;
			buildPhases = (
				08E2E9002A4CD50700B47A18 /* Headers */,
				08E2E9012A4CD50700B47A18 /* Sources */,
				08E2E9022A4CD50700B47A18 /* Frameworks */,
				08E2E9032A4CD50700B47A18 /* Resources */,
			);
			buildRules = (
			);
			dependencies = (
			);
			name = EpoxyCore;
			productName = EpoxyCore;
			productReference = 08E2E9052A4CD50700B47A18 /* EpoxyCore.framework */;
			productType = "com.apple.product-type.framework";
		};
/* End PBXNativeTarget section */

/* Begin PBXProject section */
		08E2E8FC2A4CD50700B47A18 /* Project object */ = {
			isa = PBXProject;
			attributes = {
				BuildIndependentTargetsInParallel = 1;
				LastUpgradeCheck = 1430;
				TargetAttributes = {
					08E2E9042A4CD50700B47A18 = {
						CreatedOnToolsVersion = 14.3;
					};
				};
			};
			buildConfigurationList = 08E2E8FF2A4CD50700B47A18 /* Build configuration list for PBXProject "EpoxyCore" */;
			compatibilityVersion = "Xcode 14.0";
			developmentRegion = en;
			hasScannedForEncodings = 0;
			knownRegions = (
				en,
				Base,
			);
			mainGroup = 08E2E8FB2A4CD50700B47A18;
			productRefGroup = 08E2E9062A4CD50700B47A18 /* Products */;
			projectDirPath = "";
			projectRoot = "";
			targets = (
				08E2E9042A4CD50700B47A18 /* EpoxyCore */,
			);
		};
/* End PBXProject section */

/* Begin PBXResourcesBuildPhase section */
		08E2E9032A4CD50700B47A18 /* Resources */ = {
			isa = PBXResourcesBuildPhase;
			buildActionMask = 2147483647;
			files = (
			);
			runOnlyForDeploymentPostprocessing = 0;
		};
/* End PBXResourcesBuildPhase section */

/* Begin PBXSourcesBuildPhase section */
		08E2E9012A4CD50700B47A18 /* Sources */ = {
			isa = PBXSourcesBuildPhase;
			buildActionMask = 2147483647;
			files = (
				08E2E9472A4CD54A00B47A18 /* DidSelectProviding.swift in Sources */,
				08E2E9592A4CD54A00B47A18 /* IndexChangeset.swift in Sources */,
				08E2E95A2A4CD54A00B47A18 /* SectionedChangeset.swift in Sources */,
				08E2E9422A4CD54A00B47A18 /* EpoxyLogger.swift in Sources */,
				08E2E95B2A4CD54A00B47A18 /* Collection+Diff.swift in Sources */,
				08E2E9462A4CD54A00B47A18 /* SetContentProviding.swift in Sources */,
				08E2E9452A4CD54A00B47A18 /* ViewDifferentiatorProviding.swift in Sources */,
				08E2E9522A4CD54A00B47A18 /* DataIDProviding.swift in Sources */,
				08E2E9552A4CD54A00B47A18 /* AnyEpoxyModelProperty.swift in Sources */,
				08E2E95F2A4CD54A00B47A18 /* ContentConfigurableView.swift in Sources */,
				08E2E94E2A4CD54A00B47A18 /* SetBehaviorsProviding.swift in Sources */,
				08E2E95D2A4CD54A00B47A18 /* Diffable.swift in Sources */,
				08E2E95E2A4CD54A00B47A18 /* StyledView.swift in Sources */,
				08E2E9682A4CD54A00B47A18 /* MeasuringUIViewRepresentable.swift in Sources */,
				08E2E9612A4CD54A00B47A18 /* ViewType.swift in Sources */,
				08E2E96C2A4CD54A00B47A18 /* EpoxySwiftUIHostingView.swift in Sources */,
				08E2E9432A4CD54A00B47A18 /* EpoxyModelStorage.swift in Sources */,
				08E2E9492A4CD54A00B47A18 /* WillDisplayProviding.swift in Sources */,
				08E2E95C2A4CD54A00B47A18 /* DiffableSection.swift in Sources */,
				08E2E9512A4CD54A00B47A18 /* AnimatedProviding.swift in Sources */,
				08E2E9652A4CD54A00B47A18 /* EpoxySwiftUIIntrinsicContentSizeInvalidator.swift in Sources */,
				08E2E9602A4CD54A00B47A18 /* EpoxyableView.swift in Sources */,
				08E2E9532A4CD54A00B47A18 /* ViewEpoxyModeled.swift in Sources */,
				08E2E9622A4CD54A00B47A18 /* BehaviorsConfigurableView.swift in Sources */,
				08E2E9482A4CD54A00B47A18 /* DidEndDisplayingProviding.swift in Sources */,
				08E2E9692A4CD54A00B47A18 /* SwiftUIMeasurementContainer.swift in Sources */,
				08E2E9642A4CD54A00B47A18 /* EpoxySwiftUILayoutMargins.swift in Sources */,
				08E2E94D2A4CD54A00B47A18 /* ViewProviding.swift in Sources */,
				08E2E9632A4CD54A00B47A18 /* UIViewConfiguringSwiftUIView.swift in Sources */,
				08E2E9662A4CD54A00B47A18 /* SwiftUIUIView.swift in Sources */,
				08E2E96A2A4CD54A00B47A18 /* EpoxySwiftUIHostingController.swift in Sources */,
				08E2E94F2A4CD54A00B47A18 /* StyleIDProviding.swift in Sources */,
				08E2E9502A4CD54A00B47A18 /* DidDisplayProviding.swift in Sources */,
				08E2E9542A4CD54A00B47A18 /* ClassReference.swift in Sources */,
				08E2E9562A4CD54A00B47A18 /* EpoxyModelProperty.swift in Sources */,
				08E2E9672A4CD54A00B47A18 /* EpoxyableView+SwiftUIView.swift in Sources */,
				08E2E94A2A4CD54A00B47A18 /* ErasedContentProviding.swift in Sources */,
				08E2E9582A4CD54A00B47A18 /* EpoxyModeled.swift in Sources */,
				08E2E96B2A4CD54A00B47A18 /* UIView+SwiftUIView.swift in Sources */,
				08E2E9442A4CD54A00B47A18 /* CallbackContextEpoxyModeled.swift in Sources */,
				08E2E94B2A4CD54A00B47A18 /* MakeViewProviding.swift in Sources */,
				08E2E94C2A4CD54A00B47A18 /* TraitCollectionProviding.swift in Sources */,
				08E2E9572A4CD54A00B47A18 /* EpoxyModelArrayBuilder.swift in Sources */,
			);
			runOnlyForDeploymentPostprocessing = 0;
		};
/* End PBXSourcesBuildPhase section */

/* Begin XCBuildConfiguration section */
		08E2E90A2A4CD50700B47A18 /* Debug */ = {
			isa = XCBuildConfiguration;
			buildSettings = {
				ALWAYS_SEARCH_USER_PATHS = NO;
				CLANG_ANALYZER_NONNULL = YES;
				CLANG_ANALYZER_NUMBER_OBJECT_CONVERSION = YES_AGGRESSIVE;
				CLANG_CXX_LANGUAGE_STANDARD = "gnu++20";
				CLANG_ENABLE_MODULES = YES;
				CLANG_ENABLE_OBJC_ARC = YES;
				CLANG_ENABLE_OBJC_WEAK = YES;
				CLANG_WARN_BLOCK_CAPTURE_AUTORELEASING = YES;
				CLANG_WARN_BOOL_CONVERSION = YES;
				CLANG_WARN_COMMA = YES;
				CLANG_WARN_CONSTANT_CONVERSION = YES;
				CLANG_WARN_DEPRECATED_OBJC_IMPLEMENTATIONS = YES;
				CLANG_WARN_DIRECT_OBJC_ISA_USAGE = YES_ERROR;
				CLANG_WARN_DOCUMENTATION_COMMENTS = YES;
				CLANG_WARN_EMPTY_BODY = YES;
				CLANG_WARN_ENUM_CONVERSION = YES;
				CLANG_WARN_INFINITE_RECURSION = YES;
				CLANG_WARN_INT_CONVERSION = YES;
				CLANG_WARN_NON_LITERAL_NULL_CONVERSION = YES;
				CLANG_WARN_OBJC_IMPLICIT_RETAIN_SELF = YES;
				CLANG_WARN_OBJC_LITERAL_CONVERSION = YES;
				CLANG_WARN_OBJC_ROOT_CLASS = YES_ERROR;
				CLANG_WARN_QUOTED_INCLUDE_IN_FRAMEWORK_HEADER = YES;
				CLANG_WARN_RANGE_LOOP_ANALYSIS = YES;
				CLANG_WARN_STRICT_PROTOTYPES = YES;
				CLANG_WARN_SUSPICIOUS_MOVE = YES;
				CLANG_WARN_UNGUARDED_AVAILABILITY = YES_AGGRESSIVE;
				CLANG_WARN_UNREACHABLE_CODE = YES;
				CLANG_WARN__DUPLICATE_METHOD_MATCH = YES;
				COPY_PHASE_STRIP = NO;
				CURRENT_PROJECT_VERSION = 1;
				DEBUG_INFORMATION_FORMAT = dwarf;
				ENABLE_STRICT_OBJC_MSGSEND = YES;
				ENABLE_TESTABILITY = YES;
				GCC_C_LANGUAGE_STANDARD = gnu11;
				GCC_DYNAMIC_NO_PIC = NO;
				GCC_NO_COMMON_BLOCKS = YES;
				GCC_OPTIMIZATION_LEVEL = 0;
				GCC_PREPROCESSOR_DEFINITIONS = (
					"DEBUG=1",
					"$(inherited)",
				);
				GCC_WARN_64_TO_32_BIT_CONVERSION = YES;
				GCC_WARN_ABOUT_RETURN_TYPE = YES_ERROR;
				GCC_WARN_UNDECLARED_SELECTOR = YES;
				GCC_WARN_UNINITIALIZED_AUTOS = YES_AGGRESSIVE;
				GCC_WARN_UNUSED_FUNCTION = YES;
				GCC_WARN_UNUSED_VARIABLE = YES;
				MTL_ENABLE_DEBUG_INFO = INCLUDE_SOURCE;
				MTL_FAST_MATH = YES;
				ONLY_ACTIVE_ARCH = YES;
				SWIFT_ACTIVE_COMPILATION_CONDITIONS = DEBUG;
				SWIFT_OPTIMIZATION_LEVEL = "-Onone";
				VERSIONING_SYSTEM = "apple-generic";
				VERSION_INFO_PREFIX = "";
			};
			name = Debug;
		};
		08E2E90B2A4CD50700B47A18 /* Release */ = {
			isa = XCBuildConfiguration;
			buildSettings = {
				ALWAYS_SEARCH_USER_PATHS = NO;
				CLANG_ANALYZER_NONNULL = YES;
				CLANG_ANALYZER_NUMBER_OBJECT_CONVERSION = YES_AGGRESSIVE;
				CLANG_CXX_LANGUAGE_STANDARD = "gnu++20";
				CLANG_ENABLE_MODULES = YES;
				CLANG_ENABLE_OBJC_ARC = YES;
				CLANG_ENABLE_OBJC_WEAK = YES;
				CLANG_WARN_BLOCK_CAPTURE_AUTORELEASING = YES;
				CLANG_WARN_BOOL_CONVERSION = YES;
				CLANG_WARN_COMMA = YES;
				CLANG_WARN_CONSTANT_CONVERSION = YES;
				CLANG_WARN_DEPRECATED_OBJC_IMPLEMENTATIONS = YES;
				CLANG_WARN_DIRECT_OBJC_ISA_USAGE = YES_ERROR;
				CLANG_WARN_DOCUMENTATION_COMMENTS = YES;
				CLANG_WARN_EMPTY_BODY = YES;
				CLANG_WARN_ENUM_CONVERSION = YES;
				CLANG_WARN_INFINITE_RECURSION = YES;
				CLANG_WARN_INT_CONVERSION = YES;
				CLANG_WARN_NON_LITERAL_NULL_CONVERSION = YES;
				CLANG_WARN_OBJC_IMPLICIT_RETAIN_SELF = YES;
				CLANG_WARN_OBJC_LITERAL_CONVERSION = YES;
				CLANG_WARN_OBJC_ROOT_CLASS = YES_ERROR;
				CLANG_WARN_QUOTED_INCLUDE_IN_FRAMEWORK_HEADER = YES;
				CLANG_WARN_RANGE_LOOP_ANALYSIS = YES;
				CLANG_WARN_STRICT_PROTOTYPES = YES;
				CLANG_WARN_SUSPICIOUS_MOVE = YES;
				CLANG_WARN_UNGUARDED_AVAILABILITY = YES_AGGRESSIVE;
				CLANG_WARN_UNREACHABLE_CODE = YES;
				CLANG_WARN__DUPLICATE_METHOD_MATCH = YES;
				COPY_PHASE_STRIP = NO;
				CURRENT_PROJECT_VERSION = 1;
				DEBUG_INFORMATION_FORMAT = "dwarf-with-dsym";
				ENABLE_NS_ASSERTIONS = NO;
				ENABLE_STRICT_OBJC_MSGSEND = YES;
				GCC_C_LANGUAGE_STANDARD = gnu11;
				GCC_NO_COMMON_BLOCKS = YES;
				GCC_WARN_64_TO_32_BIT_CONVERSION = YES;
				GCC_WARN_ABOUT_RETURN_TYPE = YES_ERROR;
				GCC_WARN_UNDECLARED_SELECTOR = YES;
				GCC_WARN_UNINITIALIZED_AUTOS = YES_AGGRESSIVE;
				GCC_WARN_UNUSED_FUNCTION = YES;
				GCC_WARN_UNUSED_VARIABLE = YES;
				MTL_ENABLE_DEBUG_INFO = NO;
				MTL_FAST_MATH = YES;
				SWIFT_COMPILATION_MODE = wholemodule;
				SWIFT_OPTIMIZATION_LEVEL = "-O";
				VERSIONING_SYSTEM = "apple-generic";
				VERSION_INFO_PREFIX = "";
			};
			name = Release;
		};
		08E2E90D2A4CD50700B47A18 /* Debug */ = {
			isa = XCBuildConfiguration;
			buildSettings = {
				CODE_SIGN_STYLE = Automatic;
				CURRENT_PROJECT_VERSION = 1;
				DEFINES_MODULE = YES;
				DYLIB_COMPATIBILITY_VERSION = 1;
				DYLIB_CURRENT_VERSION = 1;
				DYLIB_INSTALL_NAME_BASE = "@rpath";
				ENABLE_MODULE_VERIFIER = YES;
				GENERATE_INFOPLIST_FILE = YES;
				INFOPLIST_KEY_NSHumanReadableCopyright = "";
				INSTALL_PATH = "$(LOCAL_LIBRARY_DIR)/Frameworks";
				IPHONEOS_DEPLOYMENT_TARGET = 13.0;
				LD_RUNPATH_SEARCH_PATHS = (
					"@executable_path/Frameworks",
					"@loader_path/Frameworks",
				);
				"LD_RUNPATH_SEARCH_PATHS[sdk=macosx*]" = (
					"@executable_path/../Frameworks",
					"@loader_path/Frameworks",
				);
				MACOSX_DEPLOYMENT_TARGET = 10.15;
				MARKETING_VERSION = 1.0;
				MODULE_VERIFIER_SUPPORTED_LANGUAGES = "objective-c objective-c++";
				MODULE_VERIFIER_SUPPORTED_LANGUAGE_STANDARDS = "gnu11 gnu++20";
				PRODUCT_BUNDLE_IDENTIFIER = com.airbnb.EpoxyCore;
				PRODUCT_NAME = "$(TARGET_NAME:c99extidentifier)";
				SDKROOT = auto;
				SKIP_INSTALL = YES;
				SUPPORTED_PLATFORMS = "appletvos appletvsimulator iphoneos iphonesimulator macosx";
				SUPPORTS_MACCATALYST = YES;
				SUPPORTS_MAC_DESIGNED_FOR_IPHONE_IPAD = YES;
				SWIFT_EMIT_LOC_STRINGS = YES;
				SWIFT_VERSION = 5.0;
				TARGETED_DEVICE_FAMILY = "1,2,3";
				TVOS_DEPLOYMENT_TARGET = 13.0;
			};
			name = Debug;
		};
		08E2E90E2A4CD50700B47A18 /* Release */ = {
			isa = XCBuildConfiguration;
			buildSettings = {
				CODE_SIGN_STYLE = Automatic;
				CURRENT_PROJECT_VERSION = 1;
				DEFINES_MODULE = YES;
				DYLIB_COMPATIBILITY_VERSION = 1;
				DYLIB_CURRENT_VERSION = 1;
				DYLIB_INSTALL_NAME_BASE = "@rpath";
				ENABLE_MODULE_VERIFIER = YES;
				GENERATE_INFOPLIST_FILE = YES;
				INFOPLIST_KEY_NSHumanReadableCopyright = "";
				INSTALL_PATH = "$(LOCAL_LIBRARY_DIR)/Frameworks";
				IPHONEOS_DEPLOYMENT_TARGET = 13.0;
				LD_RUNPATH_SEARCH_PATHS = (
					"@executable_path/Frameworks",
					"@loader_path/Frameworks",
				);
				"LD_RUNPATH_SEARCH_PATHS[sdk=macosx*]" = (
					"@executable_path/../Frameworks",
					"@loader_path/Frameworks",
				);
				MACOSX_DEPLOYMENT_TARGET = 10.15;
				MARKETING_VERSION = 1.0;
				MODULE_VERIFIER_SUPPORTED_LANGUAGES = "objective-c objective-c++";
				MODULE_VERIFIER_SUPPORTED_LANGUAGE_STANDARDS = "gnu11 gnu++20";
				PRODUCT_BUNDLE_IDENTIFIER = com.airbnb.EpoxyCore;
				PRODUCT_NAME = "$(TARGET_NAME:c99extidentifier)";
				SDKROOT = auto;
				SKIP_INSTALL = YES;
				SUPPORTED_PLATFORMS = "appletvos appletvsimulator iphoneos iphonesimulator macosx";
				SUPPORTS_MACCATALYST = YES;
				SUPPORTS_MAC_DESIGNED_FOR_IPHONE_IPAD = YES;
				SWIFT_EMIT_LOC_STRINGS = YES;
				SWIFT_VERSION = 5.0;
				TARGETED_DEVICE_FAMILY = "1,2,3";
				TVOS_DEPLOYMENT_TARGET = 13.0;
			};
			name = Release;
		};
/* End XCBuildConfiguration section */

/* Begin XCConfigurationList section */
		08E2E8FF2A4CD50700B47A18 /* Build configuration list for PBXProject "EpoxyCore" */ = {
			isa = XCConfigurationList;
			buildConfigurations = (
				08E2E90A2A4CD50700B47A18 /* Debug */,
				08E2E90B2A4CD50700B47A18 /* Release */,
			);
			defaultConfigurationIsVisible = 0;
			defaultConfigurationName = Release;
		};
		08E2E90C2A4CD50700B47A18 /* Build configuration list for PBXNativeTarget "EpoxyCore" */ = {
			isa = XCConfigurationList;
			buildConfigurations = (
				08E2E90D2A4CD50700B47A18 /* Debug */,
				08E2E90E2A4CD50700B47A18 /* Release */,
			);
			defaultConfigurationIsVisible = 0;
			defaultConfigurationName = Release;
		};
/* End XCConfigurationList section */
	};
	rootObject = 08E2E8FC2A4CD50700B47A18 /* Project object */;
}
